Microsoft Visual Studio Solution File, Format Version 12.00
# Visual Studio 14
VisualStudioVersion = 14.0.24720.0
MinimumVisualStudioVersion = 10.0.40219.1
Project("{FAE04EC0-301F-11D3-BF4B-00C04F79EFBC}") = "Assembly-CSharp-firstpass", "Assembly-CSharp-firstpass\Assembly-CSharp-firstpass.csproj", "{0634FA1A-EA35-41DD-BAD3-60B188FA5F95}"
EndProject
Project("{FAE04EC0-301F-11D3-BF4B-00C04F79EFBC}") = "Autodesk.Fbx", "Autodesk.Fbx\Autodesk.Fbx.csproj", "{318F2A22-1D37-4F03-B193-7DF277B4C08D}"
EndProject
Project("{FAE04EC0-301F-11D3-BF4B-00C04F79EFBC}") = "BuildMode", "BuildMode\BuildMode.csproj", "{AE742457-1772-4CF8-A35A-11084A8C4285}"
EndProject
Project("{FAE04EC0-301F-11D3-BF4B-00C04F79EFBC}") = "BundlesBaseTypes", "BundlesBaseTypes\BundlesBaseTypes.csproj", "{180D7675-D6B3-4056-9789-EC4D0C9CCB0D}"
EndProject
Project("{FAE04EC0-301F-11D3-BF4B-00C04F79EFBC}") = "CircularBuffer", "CircularBuffer\CircularBuffer.csproj", "{EC466789-EED6-419E-BE3D-711EAD4895F7}"
EndProject
Project("{FAE04EC0-301F-11D3-BF4B-00C04F79EFBC}") = "Code", "Code\Code.csproj", "{3B17FB67-2038-413C-A7C0-7FF8CFD432BC}"
EndProject
Project("{FAE04EC0-301F-11D3-BF4B-00C04F79EFBC}") = "Core.Async", "Core.Async\Core.Async.csproj", "{9CDA01C0-6CFD-47DC-BE66-91F297D16C52}"
EndProject
Project("{FAE04EC0-301F-11D3-BF4B-00C04F79EFBC}") = "Core.Cheats.Attribute", "Core.Cheats.Attribute\Core.Cheats.Attribute.csproj", "{311015BC-8676-4C98-A352-54A362AAD88C}"
EndProject
Project("{FAE04EC0-301F-11D3-BF4B-00C04F79EFBC}") = "Core.Cheats", "Core.Cheats\Core.Cheats.csproj", "{985B395D-509C-4B40-AD17-A94B5D1E6EB0}"
EndProject
Project("{FAE04EC0-301F-11D3-BF4B-00C04F79EFBC}") = "Core.Console", "Core.Console\Core.Console.csproj", "{8EACAC4C-C472-48F2-91F8-F095482888BD}"
EndProject
Project("{FAE04EC0-301F-11D3-BF4B-00C04F79EFBC}") = "Core.Overlays", "Core.Overlays\Core.Overlays.csproj", "{5607E792-43C3-412A-A914-FF995B558B6C}"
EndProject
Project("{FAE04EC0-301F-11D3-BF4B-00C04F79EFBC}") = "Core.Reflection", "Core.Reflection\Core.Reflection.csproj", "{4D6F92C4-27DC-4637-BC9D-ECB848DF0632}"
EndProject
Project("{FAE04EC0-301F-11D3-BF4B-00C04F79EFBC}") = "Core.RestServer.Client", "Core.RestServer.Client\Core.RestServer.Client.csproj", "{02C368B3-88C8-44EC-BF83-2A77D55710D6}"
EndProject
Project("{FAE04EC0-301F-11D3-BF4B-00C04F79EFBC}") = "Core.RestServer.Common", "Core.RestServer.Common\Core.RestServer.Common.csproj", "{2CEB1B71-7D5B-4B54-9259-599BC3589B97}"
EndProject
Project("{FAE04EC0-301F-11D3-BF4B-00C04F79EFBC}") = "Core.RestServer", "Core.RestServer\Core.RestServer.csproj", "{C0357117-EB05-46E3-B154-FE5C323455D1}"
EndProject
Project("{FAE04EC0-301F-11D3-BF4B-00C04F79EFBC}") = "Core.StateCrawler", "Core.StateCrawler\Core.StateCrawler.csproj", "{DF261F0D-ECFF-4B32-9758-F8AAA7C50ED1}"
EndProject
Project("{FAE04EC0-301F-11D3-BF4B-00C04F79EFBC}") = "CountingGuard", "CountingGuard\CountingGuard.csproj", "{ADA30F78-7F26-4301-9DD4-C641E5E6D253}"
EndProject
Project("{FAE04EC0-301F-11D3-BF4B-00C04F79EFBC}") = "GeometryExtensions", "GeometryExtensions\GeometryExtensions.csproj", "{0E0FD704-10FB-426F-8863-C56F05D08CC4}"
EndProject
Project("{FAE04EC0-301F-11D3-BF4B-00C04F79EFBC}") = "GuidUtility", "GuidUtility\GuidUtility.csproj", "{DBC3AD16-6824-4D70-8E5F-5A21AE9C28FC}"
EndProject
Project("{FAE04EC0-301F-11D3-BF4B-00C04F79EFBC}") = "Kingmaker.AreaLogic.TimeOfDay", "Kingmaker.AreaLogic.TimeOfDay\Kingmaker.AreaLogic.TimeOfDay.csproj", "{46AD7C73-F05E-4481-A6F0-8C31E07C61D7}"
EndProject
Project("{FAE04EC0-301F-11D3-BF4B-00C04F79EFBC}") = "Kingmaker.Blueprints.Attributes", "Kingmaker.Blueprints.Attributes\Kingmaker.Blueprints.Attributes.csproj", "{4AE44717-8AF6-4BAA-8855-18CF44582EA1}"
EndProject
Project("{FAE04EC0-301F-11D3-BF4B-00C04F79EFBC}") = "Kingmaker.Blueprints.Base", "Kingmaker.Blueprints.Base\Kingmaker.Blueprints.Base.csproj", "{FB7EA059-C19D-4F85-8A4D-3275631A894C}"
EndProject
Project("{FAE04EC0-301F-11D3-BF4B-00C04F79EFBC}") = "Kingmaker.Blueprints.Hack", "Kingmaker.Blueprints.Hack\Kingmaker.Blueprints.Hack.csproj", "{1DFF8B17-B51D-47BD-9517-C7C460224A6F}"
EndProject
Project("{FAE04EC0-301F-11D3-BF4B-00C04F79EFBC}") = "Kingmaker.Blueprints.JsonSystem.EditorDatabase.FileDatabaseClient", "Kingmaker.Blueprints.JsonSystem.EditorDatabase.FileDatabaseClient\Kingmaker.Blueprints.JsonSystem.EditorDatabase.FileDatabaseClient.csproj", "{C595AE77-A8BE-42E0-80DE-E74D8BE7E31E}"
EndProject
Project("{FAE04EC0-301F-11D3-BF4B-00C04F79EFBC}") = "Kingmaker.Blueprints.JsonSystem.Hepers", "Kingmaker.Blueprints.JsonSystem.Hepers\Kingmaker.Blueprints.JsonSystem.Hepers.csproj", "{61E91832-1AC8-45EC-A0C7-BADF43B0B01A}"
EndProject
Project("{FAE04EC0-301F-11D3-BF4B-00C04F79EFBC}") = "Kingmaker.Blueprints.JsonSystem.PropertyUtility", "Kingmaker.Blueprints.JsonSystem.PropertyUtility\Kingmaker.Blueprints.JsonSystem.PropertyUtility.csproj", "{994CB205-3F0C-48EE-BDF1-A8EEABA4BCF8}"
EndProject
Project("{FAE04EC0-301F-11D3-BF4B-00C04F79EFBC}") = "Kingmaker.Blueprints.JsonSystem.PropertyUtility.Helper", "Kingmaker.Blueprints.JsonSystem.PropertyUtility.Helper\Kingmaker.Blueprints.JsonSystem.PropertyUtility.Helper.csproj", "{F330D2F8-03CF-496B-B03E-B52F868B18EB}"
EndProject
Project("{FAE04EC0-301F-11D3-BF4B-00C04F79EFBC}") = "Kingmaker.Blueprints.OverridesManager", "Kingmaker.Blueprints.OverridesManager\Kingmaker.Blueprints.OverridesManager.csproj", "{D276A310-DB88-4587-98D4-650864133F26}"
EndProject
Project("{FAE04EC0-301F-11D3-BF4B-00C04F79EFBC}") = "Kingmaker.Controllers.Enums", "Kingmaker.Controllers.Enums\Kingmaker.Controllers.Enums.csproj", "{BBCAD889-8233-41F3-9C4E-255BC411D2EA}"
EndProject
Project("{FAE04EC0-301F-11D3-BF4B-00C04F79EFBC}") = "Kingmaker.Controllers.Interfaces", "Kingmaker.Controllers.Interfaces\Kingmaker.Controllers.Interfaces.csproj", "{719A2E0A-1224-4972-827C-A0029F5D3101}"
EndProject
Project("{FAE04EC0-301F-11D3-BF4B-00C04F79EFBC}") = "Kingmaker.ElementsSystem.Interfaces", "Kingmaker.ElementsSystem.Interfaces\Kingmaker.ElementsSystem.Interfaces.csproj", "{180B8DBB-2B41-46B4-AF26-2067CA3FC680}"
EndProject
Project("{FAE04EC0-301F-11D3-BF4B-00C04F79EFBC}") = "Kingmaker.EntitySystem.Stats.Base", "Kingmaker.EntitySystem.Stats.Base\Kingmaker.EntitySystem.Stats.Base.csproj", "{99279833-7D69-45F3-ACC3-232837B4D1B5}"
EndProject
Project("{FAE04EC0-301F-11D3-BF4B-00C04F79EFBC}") = "Kingmaker.Enums.Damage", "Kingmaker.Enums.Damage\Kingmaker.Enums.Damage.csproj", "{66897921-4B3C-4BB6-BF75-05346EE4CC69}"
EndProject
Project("{FAE04EC0-301F-11D3-BF4B-00C04F79EFBC}") = "Kingmaker.Enums", "Kingmaker.Enums\Kingmaker.Enums.csproj", "{12E852E4-F9F1-48E3-96B4-B26E16CB06F1}"
EndProject
Project("{FAE04EC0-301F-11D3-BF4B-00C04F79EFBC}") = "Kingmaker.GameInfo", "Kingmaker.GameInfo\Kingmaker.GameInfo.csproj", "{4CC57ED6-AA23-4D72-A434-6E8F616E9A87}"
EndProject
Project("{FAE04EC0-301F-11D3-BF4B-00C04F79EFBC}") = "Kingmaker.Localization.Enums", "Kingmaker.Localization.Enums\Kingmaker.Localization.Enums.csproj", "{73F5A50D-5AA8-49BE-9AF9-C6D4AB75DA1C}"
EndProject
Project("{FAE04EC0-301F-11D3-BF4B-00C04F79EFBC}") = "Kingmaker.PubSubSystem.Core.Interfaces", "Kingmaker.PubSubSystem.Core.Interfaces\Kingmaker.PubSubSystem.Core.Interfaces.csproj", "{C47D64D9-E397-4E53-8905-0002DB7345CB}"
EndProject
Project("{FAE04EC0-301F-11D3-BF4B-00C04F79EFBC}") = "Kingmaker.QA.Arbiter.Profiling", "Kingmaker.QA.Arbiter.Profiling\Kingmaker.QA.Arbiter.Profiling.csproj", "{A890C72B-47F2-405F-9308-0FB32E708A31}"
EndProject
Project("{FAE04EC0-301F-11D3-BF4B-00C04F79EFBC}") = "Kingmaker.ResourceLinks.BaseInterfaces", "Kingmaker.ResourceLinks.BaseInterfaces\Kingmaker.ResourceLinks.BaseInterfaces.csproj", "{A5271FE2-EAD2-41C6-8FA1-A1C4A004CF07}"
EndProject
Project("{FAE04EC0-301F-11D3-BF4B-00C04F79EFBC}") = "Kingmaker.ResourceReplacementProvider", "Kingmaker.ResourceReplacementProvider\Kingmaker.ResourceReplacementProvider.csproj", "{5C35BD20-DA60-4380-88A7-6CBFA070AA6D}"
EndProject
Project("{FAE04EC0-301F-11D3-BF4B-00C04F79EFBC}") = "Kingmaker.RuleSystem.Enum", "Kingmaker.RuleSystem.Enum\Kingmaker.RuleSystem.Enum.csproj", "{E9A5155D-F825-4C67-9A52-B37FC629EB40}"
EndProject
Project("{FAE04EC0-301F-11D3-BF4B-00C04F79EFBC}") = "Kingmaker.RuleSystem.Rules.Interfaces", "Kingmaker.RuleSystem.Rules.Interfaces\Kingmaker.RuleSystem.Rules.Interfaces.csproj", "{1FB6B0A9-FCDC-4869-8C46-5BCE10318669}"
EndProject
Project("{FAE04EC0-301F-11D3-BF4B-00C04F79EFBC}") = "Kingmaker.Settings.ConstructionHelpers.KeyPrefix", "Kingmaker.Settings.ConstructionHelpers.KeyPrefix\Kingmaker.Settings.ConstructionHelpers.KeyPrefix.csproj", "{C8F89D8B-FE69-4ED5-8B19-53767BC9047D}"
EndProject
Project("{FAE04EC0-301F-11D3-BF4B-00C04F79EFBC}") = "Kingmaker.Settings.Interfaces", "Kingmaker.Settings.Interfaces\Kingmaker.Settings.Interfaces.csproj", "{370323AA-5E47-4521-8CFB-4929D4FC7B43}"
EndProject
Project("{FAE04EC0-301F-11D3-BF4B-00C04F79EFBC}") = "Kingmaker.Sound.Base", "Kingmaker.Sound.Base\Kingmaker.Sound.Base.csproj", "{9DAE94CE-D240-4035-ADB4-AA389E8574D9}"
EndProject
Project("{FAE04EC0-301F-11D3-BF4B-00C04F79EFBC}") = "Kingmaker.Stores.DlcInterfaces", "Kingmaker.Stores.DlcInterfaces\Kingmaker.Stores.DlcInterfaces.csproj", "{BE34D773-6C93-40B5-9A08-8F85FF690204}"
EndProject
Project("{FAE04EC0-301F-11D3-BF4B-00C04F79EFBC}") = "Kingmaker.Stores", "Kingmaker.Stores\Kingmaker.Stores.csproj", "{47547F15-BF95-4B5E-BBD9-06F4FD2CAE1E}"
EndProject
Project("{FAE04EC0-301F-11D3-BF4B-00C04F79EFBC}") = "Kingmaker.TextTools.Base", "Kingmaker.TextTools.Base\Kingmaker.TextTools.Base.csproj", "{5D883882-0A64-42C3-B6E5-0BDA9AA198CB}"
EndProject
Project("{FAE04EC0-301F-11D3-BF4B-00C04F79EFBC}") = "Kingmaker.TextTools.Core", "Kingmaker.TextTools.Core\Kingmaker.TextTools.Core.csproj", "{B677136A-D6A1-4ACB-A8EA-AB5061FE6AA0}"
EndProject
Project("{FAE04EC0-301F-11D3-BF4B-00C04F79EFBC}") = "Kingmaker.UI.InputSystems.Enums", "Kingmaker.UI.InputSystems.Enums\Kingmaker.UI.InputSystems.Enums.csproj", "{3BF19D1D-EA27-45BF-8269-C17C727BD0A5}"
EndProject
Project("{FAE04EC0-301F-11D3-BF4B-00C04F79EFBC}") = "Kingmaker.UI.Models.Log.ContextFlag", "Kingmaker.UI.Models.Log.ContextFlag\Kingmaker.UI.Models.Log.ContextFlag.csproj", "{FB3C26AA-C7EA-444B-A0EB-BEDE633595A6}"
EndProject
Project("{FAE04EC0-301F-11D3-BF4B-00C04F79EFBC}") = "Kingmaker.UI.Models.Log.Enums", "Kingmaker.UI.Models.Log.Enums\Kingmaker.UI.Models.Log.Enums.csproj", "{BE567E45-9C2B-4B09-A2B3-D3684EDE5EDC}"
EndProject
Project("{FAE04EC0-301F-11D3-BF4B-00C04F79EFBC}") = "Kingmaker.UI.Models.Tooltip.Base", "Kingmaker.UI.Models.Tooltip.Base\Kingmaker.UI.Models.Tooltip.Base.csproj", "{5D655EDC-9A93-4C02-AD93-8C8AC9369BB4}"
EndProject
Project("{FAE04EC0-301F-11D3-BF4B-00C04F79EFBC}") = "Kingmaker.UnitLogic.Enums", "Kingmaker.UnitLogic.Enums\Kingmaker.UnitLogic.Enums.csproj", "{C9955665-4F74-408B-AF6D-EDB8C303ED81}"
EndProject
Project("{FAE04EC0-301F-11D3-BF4B-00C04F79EFBC}") = "Kingmaker.UnitLogic.Mechanics.Facts.Interfaces", "Kingmaker.UnitLogic.Mechanics.Facts.Interfaces\Kingmaker.UnitLogic.Mechanics.Facts.Interfaces.csproj", "{03EA60A5-AC49-40AD-8ACE-D2085336CD0E}"
EndProject
Project("{FAE04EC0-301F-11D3-BF4B-00C04F79EFBC}") = "Kingmaker.Utility.Enums", "Kingmaker.Utility.Enums\Kingmaker.Utility.Enums.csproj", "{376E3519-B152-4C56-AB73-E53AE1D8100F}"
EndProject
Project("{FAE04EC0-301F-11D3-BF4B-00C04F79EFBC}") = "Kingmaker.Utility.FlagCountable", "Kingmaker.Utility.FlagCountable\Kingmaker.Utility.FlagCountable.csproj", "{F076CF15-D775-4FF7-A3EC-2EDA840B8D24}"
EndProject
Project("{FAE04EC0-301F-11D3-BF4B-00C04F79EFBC}") = "Kingmaker.Utility.Fsm", "Kingmaker.Utility.Fsm\Kingmaker.Utility.Fsm.csproj", "{72F69C7D-1E49-4F89-9AB3-F38A65265EEE}"
EndProject
Project("{FAE04EC0-301F-11D3-BF4B-00C04F79EFBC}") = "Kingmaker.Utility.Random", "Kingmaker.Utility.Random\Kingmaker.Utility.Random.csproj", "{7F73E487-7D3D-45FD-9FB2-9DE23FD5AFC0}"
EndProject
Project("{FAE04EC0-301F-11D3-BF4B-00C04F79EFBC}") = "Kingmaker.Visual.Animation.GraphVisualizerClient", "Kingmaker.Visual.Animation.GraphVisualizerClient\Kingmaker.Visual.Animation.GraphVisualizerClient.csproj", "{86FE8DFA-F7E9-42FE-9BEA-0A53E1CEDADA}"
EndProject
Project("{FAE04EC0-301F-11D3-BF4B-00C04F79EFBC}") = "Kingmaker.Visual.Base", "Kingmaker.Visual.Base\Kingmaker.Visual.Base.csproj", "{67284EB5-C634-4FFA-A682-CD6EB4747995}"
EndProject
Project("{FAE04EC0-301F-11D3-BF4B-00C04F79EFBC}") = "Kingmaker.Visual.HitSystem.Base", "Kingmaker.Visual.HitSystem.Base\Kingmaker.Visual.HitSystem.Base.csproj", "{356E73D0-64BD-481A-BE5E-0A52423AF78B}"
EndProject
Project("{FAE04EC0-301F-11D3-BF4B-00C04F79EFBC}") = "Kingmaker.Visual.Particles.GameObjectsPooling", "Kingmaker.Visual.Particles.GameObjectsPooling\Kingmaker.Visual.Particles.GameObjectsPooling.csproj", "{3DD735F9-4D1B-400C-9853-CE9B19083E0F}"
EndProject
Project("{FAE04EC0-301F-11D3-BF4B-00C04F79EFBC}") = "LocalizationShared", "LocalizationShared\LocalizationShared.csproj", "{8CFAC9D2-C053-40B9-B5DD-AD2194E15884}"
EndProject
Project("{FAE04EC0-301F-11D3-BF4B-00C04F79EFBC}") = "Owlcat.Runtime.Core", "Owlcat.Runtime.Core\Owlcat.Runtime.Core.csproj", "{58CB401C-3456-4653-8911-14ECC5742990}"
EndProject
Project("{FAE04EC0-301F-11D3-BF4B-00C04F79EFBC}") = "Owlcat.Runtime.UI", "Owlcat.Runtime.UI\Owlcat.Runtime.UI.csproj", "{385B886E-5928-4BA5-91DB-34B2AE8C5047}"
EndProject
Project("{FAE04EC0-301F-11D3-BF4B-00C04F79EFBC}") = "Owlcat.Runtime.UniRx", "Owlcat.Runtime.UniRx\Owlcat.Runtime.UniRx.csproj", "{5E48D26F-2FB1-46BC-9586-4F149737B0E0}"
EndProject
Project("{FAE04EC0-301F-11D3-BF4B-00C04F79EFBC}") = "Owlcat.Runtime.Validation", "Owlcat.Runtime.Validation\Owlcat.Runtime.Validation.csproj", "{7AB6C6EB-E0E2-4F29-94E2-02E919DA4D13}"
EndProject
Project("{FAE04EC0-301F-11D3-BF4B-00C04F79EFBC}") = "Owlcat.Runtime.Visual", "Owlcat.Runtime.Visual\Owlcat.Runtime.Visual.csproj", "{91BAE499-6435-4534-A046-05038266C8E8}"
EndProject
Project("{FAE04EC0-301F-11D3-BF4B-00C04F79EFBC}") = "Owlcat.ShaderLibrary.Visual", "Owlcat.ShaderLibrary.Visual\Owlcat.ShaderLibrary.Visual.csproj", "{F5B21996-2A16-455E-95CD-8B29079BFC5F}"
EndProject
Project("{FAE04EC0-301F-11D3-BF4B-00C04F79EFBC}") = "Owlcat.Shaders.Visual", "Owlcat.Shaders.Visual\Owlcat.Shaders.Visual.csproj", "{8D3983B1-5E0B-4244-80AC-222752D43FEF}"
EndProject
Project("{FAE04EC0-301F-11D3-BF4B-00C04F79EFBC}") = "PFlog", "PFlog\PFlog.csproj", "{B93E5177-568E-4C18-870F-46E25D7892E9}"
EndProject
Project("{FAE04EC0-301F-11D3-BF4B-00C04F79EFBC}") = "ReplayLog", "ReplayLog\ReplayLog.csproj", "{24636B57-C98A-4EDE-B68F-E85CE5B12D61}"
EndProject
Project("{FAE04EC0-301F-11D3-BF4B-00C04F79EFBC}") = "RogueTrader.Code.ShaderConsts", "RogueTrader.Code.ShaderConsts\RogueTrader.Code.ShaderConsts.csproj", "{78DD38D7-9C94-40FD-9264-561E04CD2F44}"
EndProject
Project("{FAE04EC0-301F-11D3-BF4B-00C04F79EFBC}") = "RogueTrader.Editor.ElementsDescription", "RogueTrader.Editor.ElementsDescription\RogueTrader.Editor.ElementsDescription.csproj", "{380766EC-6729-47EA-8018-EE6912A95964}"
EndProject
Project("{FAE04EC0-301F-11D3-BF4B-00C04F79EFBC}") = "RogueTrader.GameCore", "RogueTrader.GameCore\RogueTrader.GameCore.csproj", "{E4CAF327-9199-46BA-9F23-1AE286AE66BD}"
EndProject
Project("{FAE04EC0-301F-11D3-BF4B-00C04F79EFBC}") = "RogueTrader.ModInitializer", "RogueTrader.ModInitializer\RogueTrader.ModInitializer.csproj", "{DA08BC98-E5B0-4BDE-8701-02CE8E843A74}"
EndProject
Project("{FAE04EC0-301F-11D3-BF4B-00C04F79EFBC}") = "RogueTrader.NetPlayer", "RogueTrader.NetPlayer\RogueTrader.NetPlayer.csproj", "{FD73234D-E464-4302-A4D0-988AC5AC2447}"
EndProject
Project("{FAE04EC0-301F-11D3-BF4B-00C04F79EFBC}") = "RogueTrader.QA.QAModeExceptionEvents", "RogueTrader.QA.QAModeExceptionEvents\RogueTrader.QA.QAModeExceptionEvents.csproj", "{0AF95E17-F496-403E-9C78-358072767051}"
EndProject
Project("{FAE04EC0-301F-11D3-BF4B-00C04F79EFBC}") = "RogueTrader.SharedTypes", "RogueTrader.SharedTypes\RogueTrader.SharedTypes.csproj", "{070201FC-0D5F-4F52-B788-A7C75897F8B6}"
EndProject
Project("{FAE04EC0-301F-11D3-BF4B-00C04F79EFBC}") = "StatefulRandom", "StatefulRandom\StatefulRandom.csproj", "{D20FA44A-9463-4A43-BB3C-6241F8EC8D57}"
EndProject
Project("{FAE04EC0-301F-11D3-BF4B-00C04F79EFBC}") = "UnitLogic.Alignments.Enums", "UnitLogic.Alignments.Enums\UnitLogic.Alignments.Enums.csproj", "{3525D120-835F-4BDC-BF08-DCD96B2455DA}"
EndProject
Project("{FAE04EC0-301F-11D3-BF4B-00C04F79EFBC}") = "Assembly-CSharp", "Assembly-CSharp\Assembly-CSharp.csproj", "{2C302128-C3E6-471B-B63B-899B7B2C1262}"
EndProject
Global
	GlobalSection(SolutionConfigurationPlatforms) = preSolution
		Debug|AnyCPU = Debug|AnyCPU
		Release|AnyCPU = Release|AnyCPU
	EndGlobalSection
	GlobalSection(ProjectConfigurationPlatforms) = postSolution
		{0634FA1A-EA35-41DD-BAD3-60B188FA5F95}.Debug|AnyCPU.ActiveCfg = Debug|AnyCPU
		{0634FA1A-EA35-41DD-BAD3-60B188FA5F95}.Debug|AnyCPU.Build.0 = Debug|AnyCPU
		{0634FA1A-EA35-41DD-BAD3-60B188FA5F95}.Release|AnyCPU.ActiveCfg = Release|AnyCPU
		{0634FA1A-EA35-41DD-BAD3-60B188FA5F95}.Release|AnyCPU.Build.0 = Release|AnyCPU
		{318F2A22-1D37-4F03-B193-7DF277B4C08D}.Debug|AnyCPU.ActiveCfg = Debug|AnyCPU
		{318F2A22-1D37-4F03-B193-7DF277B4C08D}.Debug|AnyCPU.Build.0 = Debug|AnyCPU
		{318F2A22-1D37-4F03-B193-7DF277B4C08D}.Release|AnyCPU.ActiveCfg = Release|AnyCPU
		{318F2A22-1D37-4F03-B193-7DF277B4C08D}.Release|AnyCPU.Build.0 = Release|AnyCPU
		{AE742457-1772-4CF8-A35A-11084A8C4285}.Debug|AnyCPU.ActiveCfg = Debug|AnyCPU
		{AE742457-1772-4CF8-A35A-11084A8C4285}.Debug|AnyCPU.Build.0 = Debug|AnyCPU
		{AE742457-1772-4CF8-A35A-11084A8C4285}.Release|AnyCPU.ActiveCfg = Release|AnyCPU
		{AE742457-1772-4CF8-A35A-11084A8C4285}.Release|AnyCPU.Build.0 = Release|AnyCPU
		{180D7675-D6B3-4056-9789-EC4D0C9CCB0D}.Debug|AnyCPU.ActiveCfg = Debug|AnyCPU
		{180D7675-D6B3-4056-9789-EC4D0C9CCB0D}.Debug|AnyCPU.Build.0 = Debug|AnyCPU
		{180D7675-D6B3-4056-9789-EC4D0C9CCB0D}.Release|AnyCPU.ActiveCfg = Release|AnyCPU
		{180D7675-D6B3-4056-9789-EC4D0C9CCB0D}.Release|AnyCPU.Build.0 = Release|AnyCPU
		{EC466789-EED6-419E-BE3D-711EAD4895F7}.Debug|AnyCPU.ActiveCfg = Debug|AnyCPU
		{EC466789-EED6-419E-BE3D-711EAD4895F7}.Debug|AnyCPU.Build.0 = Debug|AnyCPU
		{EC466789-EED6-419E-BE3D-711EAD4895F7}.Release|AnyCPU.ActiveCfg = Release|AnyCPU
		{EC466789-EED6-419E-BE3D-711EAD4895F7}.Release|AnyCPU.Build.0 = Release|AnyCPU
		{3B17FB67-2038-413C-A7C0-7FF8CFD432BC}.Debug|AnyCPU.ActiveCfg = Debug|AnyCPU
		{3B17FB67-2038-413C-A7C0-7FF8CFD432BC}.Debug|AnyCPU.Build.0 = Debug|AnyCPU
		{3B17FB67-2038-413C-A7C0-7FF8CFD432BC}.Release|AnyCPU.ActiveCfg = Release|AnyCPU
		{3B17FB67-2038-413C-A7C0-7FF8CFD432BC}.Release|AnyCPU.Build.0 = Release|AnyCPU
		{9CDA01C0-6CFD-47DC-BE66-91F297D16C52}.Debug|AnyCPU.ActiveCfg = Debug|AnyCPU
		{9CDA01C0-6CFD-47DC-BE66-91F297D16C52}.Debug|AnyCPU.Build.0 = Debug|AnyCPU
		{9CDA01C0-6CFD-47DC-BE66-91F297D16C52}.Release|AnyCPU.ActiveCfg = Release|AnyCPU
		{9CDA01C0-6CFD-47DC-BE66-91F297D16C52}.Release|AnyCPU.Build.0 = Release|AnyCPU
		{311015BC-8676-4C98-A352-54A362AAD88C}.Debug|AnyCPU.ActiveCfg = Debug|AnyCPU
		{311015BC-8676-4C98-A352-54A362AAD88C}.Debug|AnyCPU.Build.0 = Debug|AnyCPU
		{311015BC-8676-4C98-A352-54A362AAD88C}.Release|AnyCPU.ActiveCfg = Release|AnyCPU
		{311015BC-8676-4C98-A352-54A362AAD88C}.Release|AnyCPU.Build.0 = Release|AnyCPU
		{985B395D-509C-4B40-AD17-A94B5D1E6EB0}.Debug|AnyCPU.ActiveCfg = Debug|AnyCPU
		{985B395D-509C-4B40-AD17-A94B5D1E6EB0}.Debug|AnyCPU.Build.0 = Debug|AnyCPU
		{985B395D-509C-4B40-AD17-A94B5D1E6EB0}.Release|AnyCPU.ActiveCfg = Release|AnyCPU
		{985B395D-509C-4B40-AD17-A94B5D1E6EB0}.Release|AnyCPU.Build.0 = Release|AnyCPU
		{8EACAC4C-C472-48F2-91F8-F095482888BD}.Debug|AnyCPU.ActiveCfg = Debug|AnyCPU
		{8EACAC4C-C472-48F2-91F8-F095482888BD}.Debug|AnyCPU.Build.0 = Debug|AnyCPU
		{8EACAC4C-C472-48F2-91F8-F095482888BD}.Release|AnyCPU.ActiveCfg = Release|AnyCPU
		{8EACAC4C-C472-48F2-91F8-F095482888BD}.Release|AnyCPU.Build.0 = Release|AnyCPU
		{5607E792-43C3-412A-A914-FF995B558B6C}.Debug|AnyCPU.ActiveCfg = Debug|AnyCPU
		{5607E792-43C3-412A-A914-FF995B558B6C}.Debug|AnyCPU.Build.0 = Debug|AnyCPU
		{5607E792-43C3-412A-A914-FF995B558B6C}.Release|AnyCPU.ActiveCfg = Release|AnyCPU
		{5607E792-43C3-412A-A914-FF995B558B6C}.Release|AnyCPU.Build.0 = Release|AnyCPU
		{4D6F92C4-27DC-4637-BC9D-ECB848DF0632}.Debug|AnyCPU.ActiveCfg = Debug|AnyCPU
		{4D6F92C4-27DC-4637-BC9D-ECB848DF0632}.Debug|AnyCPU.Build.0 = Debug|AnyCPU
		{4D6F92C4-27DC-4637-BC9D-ECB848DF0632}.Release|AnyCPU.ActiveCfg = Release|AnyCPU
		{4D6F92C4-27DC-4637-BC9D-ECB848DF0632}.Release|AnyCPU.Build.0 = Release|AnyCPU
		{02C368B3-88C8-44EC-BF83-2A77D55710D6}.Debug|AnyCPU.ActiveCfg = Debug|AnyCPU
		{02C368B3-88C8-44EC-BF83-2A77D55710D6}.Debug|AnyCPU.Build.0 = Debug|AnyCPU
		{02C368B3-88C8-44EC-BF83-2A77D55710D6}.Release|AnyCPU.ActiveCfg = Release|AnyCPU
		{02C368B3-88C8-44EC-BF83-2A77D55710D6}.Release|AnyCPU.Build.0 = Release|AnyCPU
		{2CEB1B71-7D5B-4B54-9259-599BC3589B97}.Debug|AnyCPU.ActiveCfg = Debug|AnyCPU
		{2CEB1B71-7D5B-4B54-9259-599BC3589B97}.Debug|AnyCPU.Build.0 = Debug|AnyCPU
		{2CEB1B71-7D5B-4B54-9259-599BC3589B97}.Release|AnyCPU.ActiveCfg = Release|AnyCPU
		{2CEB1B71-7D5B-4B54-9259-599BC3589B97}.Release|AnyCPU.Build.0 = Release|AnyCPU
		{C0357117-EB05-46E3-B154-FE5C323455D1}.Debug|AnyCPU.ActiveCfg = Debug|AnyCPU
		{C0357117-EB05-46E3-B154-FE5C323455D1}.Debug|AnyCPU.Build.0 = Debug|AnyCPU
		{C0357117-EB05-46E3-B154-FE5C323455D1}.Release|AnyCPU.ActiveCfg = Release|AnyCPU
		{C0357117-EB05-46E3-B154-FE5C323455D1}.Release|AnyCPU.Build.0 = Release|AnyCPU
		{DF261F0D-ECFF-4B32-9758-F8AAA7C50ED1}.Debug|AnyCPU.ActiveCfg = Debug|AnyCPU
		{DF261F0D-ECFF-4B32-9758-F8AAA7C50ED1}.Debug|AnyCPU.Build.0 = Debug|AnyCPU
		{DF261F0D-ECFF-4B32-9758-F8AAA7C50ED1}.Release|AnyCPU.ActiveCfg = Release|AnyCPU
		{DF261F0D-ECFF-4B32-9758-F8AAA7C50ED1}.Release|AnyCPU.Build.0 = Release|AnyCPU
		{ADA30F78-7F26-4301-9DD4-C641E5E6D253}.Debug|AnyCPU.ActiveCfg = Debug|AnyCPU
		{ADA30F78-7F26-4301-9DD4-C641E5E6D253}.Debug|AnyCPU.Build.0 = Debug|AnyCPU
		{ADA30F78-7F26-4301-9DD4-C641E5E6D253}.Release|AnyCPU.ActiveCfg = Release|AnyCPU
		{ADA30F78-7F26-4301-9DD4-C641E5E6D253}.Release|AnyCPU.Build.0 = Release|AnyCPU
		{0E0FD704-10FB-426F-8863-C56F05D08CC4}.Debug|AnyCPU.ActiveCfg = Debug|AnyCPU
		{0E0FD704-10FB-426F-8863-C56F05D08CC4}.Debug|AnyCPU.Build.0 = Debug|AnyCPU
		{0E0FD704-10FB-426F-8863-C56F05D08CC4}.Release|AnyCPU.ActiveCfg = Release|AnyCPU
		{0E0FD704-10FB-426F-8863-C56F05D08CC4}.Release|AnyCPU.Build.0 = Release|AnyCPU
		{DBC3AD16-6824-4D70-8E5F-5A21AE9C28FC}.Debug|AnyCPU.ActiveCfg = Debug|AnyCPU
		{DBC3AD16-6824-4D70-8E5F-5A21AE9C28FC}.Debug|AnyCPU.Build.0 = Debug|AnyCPU
		{DBC3AD16-6824-4D70-8E5F-5A21AE9C28FC}.Release|AnyCPU.ActiveCfg = Release|AnyCPU
		{DBC3AD16-6824-4D70-8E5F-5A21AE9C28FC}.Release|AnyCPU.Build.0 = Release|AnyCPU
		{46AD7C73-F05E-4481-A6F0-8C31E07C61D7}.Debug|AnyCPU.ActiveCfg = Debug|AnyCPU
		{46AD7C73-F05E-4481-A6F0-8C31E07C61D7}.Debug|AnyCPU.Build.0 = Debug|AnyCPU
		{46AD7C73-F05E-4481-A6F0-8C31E07C61D7}.Release|AnyCPU.ActiveCfg = Release|AnyCPU
		{46AD7C73-F05E-4481-A6F0-8C31E07C61D7}.Release|AnyCPU.Build.0 = Release|AnyCPU
		{4AE44717-8AF6-4BAA-8855-18CF44582EA1}.Debug|AnyCPU.ActiveCfg = Debug|AnyCPU
		{4AE44717-8AF6-4BAA-8855-18CF44582EA1}.Debug|AnyCPU.Build.0 = Debug|AnyCPU
		{4AE44717-8AF6-4BAA-8855-18CF44582EA1}.Release|AnyCPU.ActiveCfg = Release|AnyCPU
		{4AE44717-8AF6-4BAA-8855-18CF44582EA1}.Release|AnyCPU.Build.0 = Release|AnyCPU
		{FB7EA059-C19D-4F85-8A4D-3275631A894C}.Debug|AnyCPU.ActiveCfg = Debug|AnyCPU
		{FB7EA059-C19D-4F85-8A4D-3275631A894C}.Debug|AnyCPU.Build.0 = Debug|AnyCPU
		{FB7EA059-C19D-4F85-8A4D-3275631A894C}.Release|AnyCPU.ActiveCfg = Release|AnyCPU
		{FB7EA059-C19D-4F85-8A4D-3275631A894C}.Release|AnyCPU.Build.0 = Release|AnyCPU
		{1DFF8B17-B51D-47BD-9517-C7C460224A6F}.Debug|AnyCPU.ActiveCfg = Debug|AnyCPU
		{1DFF8B17-B51D-47BD-9517-C7C460224A6F}.Debug|AnyCPU.Build.0 = Debug|AnyCPU
		{1DFF8B17-B51D-47BD-9517-C7C460224A6F}.Release|AnyCPU.ActiveCfg = Release|AnyCPU
		{1DFF8B17-B51D-47BD-9517-C7C460224A6F}.Release|AnyCPU.Build.0 = Release|AnyCPU
		{C595AE77-A8BE-42E0-80DE-E74D8BE7E31E}.Debug|AnyCPU.ActiveCfg = Debug|AnyCPU
		{C595AE77-A8BE-42E0-80DE-E74D8BE7E31E}.Debug|AnyCPU.Build.0 = Debug|AnyCPU
		{C595AE77-A8BE-42E0-80DE-E74D8BE7E31E}.Release|AnyCPU.ActiveCfg = Release|AnyCPU
		{C595AE77-A8BE-42E0-80DE-E74D8BE7E31E}.Release|AnyCPU.Build.0 = Release|AnyCPU
		{61E91832-1AC8-45EC-A0C7-BADF43B0B01A}.Debug|AnyCPU.ActiveCfg = Debug|AnyCPU
		{61E91832-1AC8-45EC-A0C7-BADF43B0B01A}.Debug|AnyCPU.Build.0 = Debug|AnyCPU
		{61E91832-1AC8-45EC-A0C7-BADF43B0B01A}.Release|AnyCPU.ActiveCfg = Release|AnyCPU
		{61E91832-1AC8-45EC-A0C7-BADF43B0B01A}.Release|AnyCPU.Build.0 = Release|AnyCPU
		{994CB205-3F0C-48EE-BDF1-A8EEABA4BCF8}.Debug|AnyCPU.ActiveCfg = Debug|AnyCPU
		{994CB205-3F0C-48EE-BDF1-A8EEABA4BCF8}.Debug|AnyCPU.Build.0 = Debug|AnyCPU
		{994CB205-3F0C-48EE-BDF1-A8EEABA4BCF8}.Release|AnyCPU.ActiveCfg = Release|AnyCPU
		{994CB205-3F0C-48EE-BDF1-A8EEABA4BCF8}.Release|AnyCPU.Build.0 = Release|AnyCPU
		{F330D2F8-03CF-496B-B03E-B52F868B18EB}.Debug|AnyCPU.ActiveCfg = Debug|AnyCPU
		{F330D2F8-03CF-496B-B03E-B52F868B18EB}.Debug|AnyCPU.Build.0 = Debug|AnyCPU
		{F330D2F8-03CF-496B-B03E-B52F868B18EB}.Release|AnyCPU.ActiveCfg = Release|AnyCPU
		{F330D2F8-03CF-496B-B03E-B52F868B18EB}.Release|AnyCPU.Build.0 = Release|AnyCPU
		{D276A310-DB88-4587-98D4-650864133F26}.Debug|AnyCPU.ActiveCfg = Debug|AnyCPU
		{D276A310-DB88-4587-98D4-650864133F26}.Debug|AnyCPU.Build.0 = Debug|AnyCPU
		{D276A310-DB88-4587-98D4-650864133F26}.Release|AnyCPU.ActiveCfg = Release|AnyCPU
		{D276A310-DB88-4587-98D4-650864133F26}.Release|AnyCPU.Build.0 = Release|AnyCPU
		{BBCAD889-8233-41F3-9C4E-255BC411D2EA}.Debug|AnyCPU.ActiveCfg = Debug|AnyCPU
		{BBCAD889-8233-41F3-9C4E-255BC411D2EA}.Debug|AnyCPU.Build.0 = Debug|AnyCPU
		{BBCAD889-8233-41F3-9C4E-255BC411D2EA}.Release|AnyCPU.ActiveCfg = Release|AnyCPU
		{BBCAD889-8233-41F3-9C4E-255BC411D2EA}.Release|AnyCPU.Build.0 = Release|AnyCPU
		{719A2E0A-1224-4972-827C-A0029F5D3101}.Debug|AnyCPU.ActiveCfg = Debug|AnyCPU
		{719A2E0A-1224-4972-827C-A0029F5D3101}.Debug|AnyCPU.Build.0 = Debug|AnyCPU
		{719A2E0A-1224-4972-827C-A0029F5D3101}.Release|AnyCPU.ActiveCfg = Release|AnyCPU
		{719A2E0A-1224-4972-827C-A0029F5D3101}.Release|AnyCPU.Build.0 = Release|AnyCPU
		{180B8DBB-2B41-46B4-AF26-2067CA3FC680}.Debug|AnyCPU.ActiveCfg = Debug|AnyCPU
		{180B8DBB-2B41-46B4-AF26-2067CA3FC680}.Debug|AnyCPU.Build.0 = Debug|AnyCPU
		{180B8DBB-2B41-46B4-AF26-2067CA3FC680}.Release|AnyCPU.ActiveCfg = Release|AnyCPU
		{180B8DBB-2B41-46B4-AF26-2067CA3FC680}.Release|AnyCPU.Build.0 = Release|AnyCPU
		{99279833-7D69-45F3-ACC3-232837B4D1B5}.Debug|AnyCPU.ActiveCfg = Debug|AnyCPU
		{99279833-7D69-45F3-ACC3-232837B4D1B5}.Debug|AnyCPU.Build.0 = Debug|AnyCPU
		{99279833-7D69-45F3-ACC3-232837B4D1B5}.Release|AnyCPU.ActiveCfg = Release|AnyCPU
		{99279833-7D69-45F3-ACC3-232837B4D1B5}.Release|AnyCPU.Build.0 = Release|AnyCPU
		{66897921-4B3C-4BB6-BF75-05346EE4CC69}.Debug|AnyCPU.ActiveCfg = Debug|AnyCPU
		{66897921-4B3C-4BB6-BF75-05346EE4CC69}.Debug|AnyCPU.Build.0 = Debug|AnyCPU
		{66897921-4B3C-4BB6-BF75-05346EE4CC69}.Release|AnyCPU.ActiveCfg = Release|AnyCPU
		{66897921-4B3C-4BB6-BF75-05346EE4CC69}.Release|AnyCPU.Build.0 = Release|AnyCPU
		{12E852E4-F9F1-48E3-96B4-B26E16CB06F1}.Debug|AnyCPU.ActiveCfg = Debug|AnyCPU
		{12E852E4-F9F1-48E3-96B4-B26E16CB06F1}.Debug|AnyCPU.Build.0 = Debug|AnyCPU
		{12E852E4-F9F1-48E3-96B4-B26E16CB06F1}.Release|AnyCPU.ActiveCfg = Release|AnyCPU
		{12E852E4-F9F1-48E3-96B4-B26E16CB06F1}.Release|AnyCPU.Build.0 = Release|AnyCPU
		{4CC57ED6-AA23-4D72-A434-6E8F616E9A87}.Debug|AnyCPU.ActiveCfg = Debug|AnyCPU
		{4CC57ED6-AA23-4D72-A434-6E8F616E9A87}.Debug|AnyCPU.Build.0 = Debug|AnyCPU
		{4CC57ED6-AA23-4D72-A434-6E8F616E9A87}.Release|AnyCPU.ActiveCfg = Release|AnyCPU
		{4CC57ED6-AA23-4D72-A434-6E8F616E9A87}.Release|AnyCPU.Build.0 = Release|AnyCPU
		{73F5A50D-5AA8-49BE-9AF9-C6D4AB75DA1C}.Debug|AnyCPU.ActiveCfg = Debug|AnyCPU
		{73F5A50D-5AA8-49BE-9AF9-C6D4AB75DA1C}.Debug|AnyCPU.Build.0 = Debug|AnyCPU
		{73F5A50D-5AA8-49BE-9AF9-C6D4AB75DA1C}.Release|AnyCPU.ActiveCfg = Release|AnyCPU
		{73F5A50D-5AA8-49BE-9AF9-C6D4AB75DA1C}.Release|AnyCPU.Build.0 = Release|AnyCPU
		{C47D64D9-E397-4E53-8905-0002DB7345CB}.Debug|AnyCPU.ActiveCfg = Debug|AnyCPU
		{C47D64D9-E397-4E53-8905-0002DB7345CB}.Debug|AnyCPU.Build.0 = Debug|AnyCPU
		{C47D64D9-E397-4E53-8905-0002DB7345CB}.Release|AnyCPU.ActiveCfg = Release|AnyCPU
		{C47D64D9-E397-4E53-8905-0002DB7345CB}.Release|AnyCPU.Build.0 = Release|AnyCPU
		{A890C72B-47F2-405F-9308-0FB32E708A31}.Debug|AnyCPU.ActiveCfg = Debug|AnyCPU
		{A890C72B-47F2-405F-9308-0FB32E708A31}.Debug|AnyCPU.Build.0 = Debug|AnyCPU
		{A890C72B-47F2-405F-9308-0FB32E708A31}.Release|AnyCPU.ActiveCfg = Release|AnyCPU
		{A890C72B-47F2-405F-9308-0FB32E708A31}.Release|AnyCPU.Build.0 = Release|AnyCPU
		{A5271FE2-EAD2-41C6-8FA1-A1C4A004CF07}.Debug|AnyCPU.ActiveCfg = Debug|AnyCPU
		{A5271FE2-EAD2-41C6-8FA1-A1C4A004CF07}.Debug|AnyCPU.Build.0 = Debug|AnyCPU
		{A5271FE2-EAD2-41C6-8FA1-A1C4A004CF07}.Release|AnyCPU.ActiveCfg = Release|AnyCPU
		{A5271FE2-EAD2-41C6-8FA1-A1C4A004CF07}.Release|AnyCPU.Build.0 = Release|AnyCPU
		{5C35BD20-DA60-4380-88A7-6CBFA070AA6D}.Debug|AnyCPU.ActiveCfg = Debug|AnyCPU
		{5C35BD20-DA60-4380-88A7-6CBFA070AA6D}.Debug|AnyCPU.Build.0 = Debug|AnyCPU
		{5C35BD20-DA60-4380-88A7-6CBFA070AA6D}.Release|AnyCPU.ActiveCfg = Release|AnyCPU
		{5C35BD20-DA60-4380-88A7-6CBFA070AA6D}.Release|AnyCPU.Build.0 = Release|AnyCPU
		{E9A5155D-F825-4C67-9A52-B37FC629EB40}.Debug|AnyCPU.ActiveCfg = Debug|AnyCPU
		{E9A5155D-F825-4C67-9A52-B37FC629EB40}.Debug|AnyCPU.Build.0 = Debug|AnyCPU
		{E9A5155D-F825-4C67-9A52-B37FC629EB40}.Release|AnyCPU.ActiveCfg = Release|AnyCPU
		{E9A5155D-F825-4C67-9A52-B37FC629EB40}.Release|AnyCPU.Build.0 = Release|AnyCPU
		{1FB6B0A9-FCDC-4869-8C46-5BCE10318669}.Debug|AnyCPU.ActiveCfg = Debug|AnyCPU
		{1FB6B0A9-FCDC-4869-8C46-5BCE10318669}.Debug|AnyCPU.Build.0 = Debug|AnyCPU
		{1FB6B0A9-FCDC-4869-8C46-5BCE10318669}.Release|AnyCPU.ActiveCfg = Release|AnyCPU
		{1FB6B0A9-FCDC-4869-8C46-5BCE10318669}.Release|AnyCPU.Build.0 = Release|AnyCPU
		{C8F89D8B-FE69-4ED5-8B19-53767BC9047D}.Debug|AnyCPU.ActiveCfg = Debug|AnyCPU
		{C8F89D8B-FE69-4ED5-8B19-53767BC9047D}.Debug|AnyCPU.Build.0 = Debug|AnyCPU
		{C8F89D8B-FE69-4ED5-8B19-53767BC9047D}.Release|AnyCPU.ActiveCfg = Release|AnyCPU
		{C8F89D8B-FE69-4ED5-8B19-53767BC9047D}.Release|AnyCPU.Build.0 = Release|AnyCPU
		{370323AA-5E47-4521-8CFB-4929D4FC7B43}.Debug|AnyCPU.ActiveCfg = Debug|AnyCPU
		{370323AA-5E47-4521-8CFB-4929D4FC7B43}.Debug|AnyCPU.Build.0 = Debug|AnyCPU
		{370323AA-5E47-4521-8CFB-4929D4FC7B43}.Release|AnyCPU.ActiveCfg = Release|AnyCPU
		{370323AA-5E47-4521-8CFB-4929D4FC7B43}.Release|AnyCPU.Build.0 = Release|AnyCPU
		{9DAE94CE-D240-4035-ADB4-AA389E8574D9}.Debug|AnyCPU.ActiveCfg = Debug|AnyCPU
		{9DAE94CE-D240-4035-ADB4-AA389E8574D9}.Debug|AnyCPU.Build.0 = Debug|AnyCPU
		{9DAE94CE-D240-4035-ADB4-AA389E8574D9}.Release|AnyCPU.ActiveCfg = Release|AnyCPU
		{9DAE94CE-D240-4035-ADB4-AA389E8574D9}.Release|AnyCPU.Build.0 = Release|AnyCPU
		{BE34D773-6C93-40B5-9A08-8F85FF690204}.Debug|AnyCPU.ActiveCfg = Debug|AnyCPU
		{BE34D773-6C93-40B5-9A08-8F85FF690204}.Debug|AnyCPU.Build.0 = Debug|AnyCPU
		{BE34D773-6C93-40B5-9A08-8F85FF690204}.Release|AnyCPU.ActiveCfg = Release|AnyCPU
		{BE34D773-6C93-40B5-9A08-8F85FF690204}.Release|AnyCPU.Build.0 = Release|AnyCPU
		{47547F15-BF95-4B5E-BBD9-06F4FD2CAE1E}.Debug|AnyCPU.ActiveCfg = Debug|AnyCPU
		{47547F15-BF95-4B5E-BBD9-06F4FD2CAE1E}.Debug|AnyCPU.Build.0 = Debug|AnyCPU
		{47547F15-BF95-4B5E-BBD9-06F4FD2CAE1E}.Release|AnyCPU.ActiveCfg = Release|AnyCPU
		{47547F15-BF95-4B5E-BBD9-06F4FD2CAE1E}.Release|AnyCPU.Build.0 = Release|AnyCPU
		{5D883882-0A64-42C3-B6E5-0BDA9AA198CB}.Debug|AnyCPU.ActiveCfg = Debug|AnyCPU
		{5D883882-0A64-42C3-B6E5-0BDA9AA198CB}.Debug|AnyCPU.Build.0 = Debug|AnyCPU
		{5D883882-0A64-42C3-B6E5-0BDA9AA198CB}.Release|AnyCPU.ActiveCfg = Release|AnyCPU
		{5D883882-0A64-42C3-B6E5-0BDA9AA198CB}.Release|AnyCPU.Build.0 = Release|AnyCPU
		{B677136A-D6A1-4ACB-A8EA-AB5061FE6AA0}.Debug|AnyCPU.ActiveCfg = Debug|AnyCPU
		{B677136A-D6A1-4ACB-A8EA-AB5061FE6AA0}.Debug|AnyCPU.Build.0 = Debug|AnyCPU
		{B677136A-D6A1-4ACB-A8EA-AB5061FE6AA0}.Release|AnyCPU.ActiveCfg = Release|AnyCPU
		{B677136A-D6A1-4ACB-A8EA-AB5061FE6AA0}.Release|AnyCPU.Build.0 = Release|AnyCPU
		{3BF19D1D-EA27-45BF-8269-C17C727BD0A5}.Debug|AnyCPU.ActiveCfg = Debug|AnyCPU
		{3BF19D1D-EA27-45BF-8269-C17C727BD0A5}.Debug|AnyCPU.Build.0 = Debug|AnyCPU
		{3BF19D1D-EA27-45BF-8269-C17C727BD0A5}.Release|AnyCPU.ActiveCfg = Release|AnyCPU
		{3BF19D1D-EA27-45BF-8269-C17C727BD0A5}.Release|AnyCPU.Build.0 = Release|AnyCPU
		{FB3C26AA-C7EA-444B-A0EB-BEDE633595A6}.Debug|AnyCPU.ActiveCfg = Debug|AnyCPU
		{FB3C26AA-C7EA-444B-A0EB-BEDE633595A6}.Debug|AnyCPU.Build.0 = Debug|AnyCPU
		{FB3C26AA-C7EA-444B-A0EB-BEDE633595A6}.Release|AnyCPU.ActiveCfg = Release|AnyCPU
		{FB3C26AA-C7EA-444B-A0EB-BEDE633595A6}.Release|AnyCPU.Build.0 = Release|AnyCPU
		{BE567E45-9C2B-4B09-A2B3-D3684EDE5EDC}.Debug|AnyCPU.ActiveCfg = Debug|AnyCPU
		{BE567E45-9C2B-4B09-A2B3-D3684EDE5EDC}.Debug|AnyCPU.Build.0 = Debug|AnyCPU
		{BE567E45-9C2B-4B09-A2B3-D3684EDE5EDC}.Release|AnyCPU.ActiveCfg = Release|AnyCPU
		{BE567E45-9C2B-4B09-A2B3-D3684EDE5EDC}.Release|AnyCPU.Build.0 = Release|AnyCPU
		{5D655EDC-9A93-4C02-AD93-8C8AC9369BB4}.Debug|AnyCPU.ActiveCfg = Debug|AnyCPU
		{5D655EDC-9A93-4C02-AD93-8C8AC9369BB4}.Debug|AnyCPU.Build.0 = Debug|AnyCPU
		{5D655EDC-9A93-4C02-AD93-8C8AC9369BB4}.Release|AnyCPU.ActiveCfg = Release|AnyCPU
		{5D655EDC-9A93-4C02-AD93-8C8AC9369BB4}.Release|AnyCPU.Build.0 = Release|AnyCPU
		{C9955665-4F74-408B-AF6D-EDB8C303ED81}.Debug|AnyCPU.ActiveCfg = Debug|AnyCPU
		{C9955665-4F74-408B-AF6D-EDB8C303ED81}.Debug|AnyCPU.Build.0 = Debug|AnyCPU
		{C9955665-4F74-408B-AF6D-EDB8C303ED81}.Release|AnyCPU.ActiveCfg = Release|AnyCPU
		{C9955665-4F74-408B-AF6D-EDB8C303ED81}.Release|AnyCPU.Build.0 = Release|AnyCPU
		{03EA60A5-AC49-40AD-8ACE-D2085336CD0E}.Debug|AnyCPU.ActiveCfg = Debug|AnyCPU
		{03EA60A5-AC49-40AD-8ACE-D2085336CD0E}.Debug|AnyCPU.Build.0 = Debug|AnyCPU
		{03EA60A5-AC49-40AD-8ACE-D2085336CD0E}.Release|AnyCPU.ActiveCfg = Release|AnyCPU
		{03EA60A5-AC49-40AD-8ACE-D2085336CD0E}.Release|AnyCPU.Build.0 = Release|AnyCPU
		{376E3519-B152-4C56-AB73-E53AE1D8100F}.Debug|AnyCPU.ActiveCfg = Debug|AnyCPU
		{376E3519-B152-4C56-AB73-E53AE1D8100F}.Debug|AnyCPU.Build.0 = Debug|AnyCPU
		{376E3519-B152-4C56-AB73-E53AE1D8100F}.Release|AnyCPU.ActiveCfg = Release|AnyCPU
		{376E3519-B152-4C56-AB73-E53AE1D8100F}.Release|AnyCPU.Build.0 = Release|AnyCPU
		{F076CF15-D775-4FF7-A3EC-2EDA840B8D24}.Debug|AnyCPU.ActiveCfg = Debug|AnyCPU
		{F076CF15-D775-4FF7-A3EC-2EDA840B8D24}.Debug|AnyCPU.Build.0 = Debug|AnyCPU
		{F076CF15-D775-4FF7-A3EC-2EDA840B8D24}.Release|AnyCPU.ActiveCfg = Release|AnyCPU
		{F076CF15-D775-4FF7-A3EC-2EDA840B8D24}.Release|AnyCPU.Build.0 = Release|AnyCPU
		{72F69C7D-1E49-4F89-9AB3-F38A65265EEE}.Debug|AnyCPU.ActiveCfg = Debug|AnyCPU
		{72F69C7D-1E49-4F89-9AB3-F38A65265EEE}.Debug|AnyCPU.Build.0 = Debug|AnyCPU
		{72F69C7D-1E49-4F89-9AB3-F38A65265EEE}.Release|AnyCPU.ActiveCfg = Release|AnyCPU
		{72F69C7D-1E49-4F89-9AB3-F38A65265EEE}.Release|AnyCPU.Build.0 = Release|AnyCPU
		{7F73E487-7D3D-45FD-9FB2-9DE23FD5AFC0}.Debug|AnyCPU.ActiveCfg = Debug|AnyCPU
		{7F73E487-7D3D-45FD-9FB2-9DE23FD5AFC0}.Debug|AnyCPU.Build.0 = Debug|AnyCPU
		{7F73E487-7D3D-45FD-9FB2-9DE23FD5AFC0}.Release|AnyCPU.ActiveCfg = Release|AnyCPU
		{7F73E487-7D3D-45FD-9FB2-9DE23FD5AFC0}.Release|AnyCPU.Build.0 = Release|AnyCPU
		{86FE8DFA-F7E9-42FE-9BEA-0A53E1CEDADA}.Debug|AnyCPU.ActiveCfg = Debug|AnyCPU
		{86FE8DFA-F7E9-42FE-9BEA-0A53E1CEDADA}.Debug|AnyCPU.Build.0 = Debug|AnyCPU
		{86FE8DFA-F7E9-42FE-9BEA-0A53E1CEDADA}.Release|AnyCPU.ActiveCfg = Release|AnyCPU
		{86FE8DFA-F7E9-42FE-9BEA-0A53E1CEDADA}.Release|AnyCPU.Build.0 = Release|AnyCPU
		{67284EB5-C634-4FFA-A682-CD6EB4747995}.Debug|AnyCPU.ActiveCfg = Debug|AnyCPU
		{67284EB5-C634-4FFA-A682-CD6EB4747995}.Debug|AnyCPU.Build.0 = Debug|AnyCPU
		{67284EB5-C634-4FFA-A682-CD6EB4747995}.Release|AnyCPU.ActiveCfg = Release|AnyCPU
		{67284EB5-C634-4FFA-A682-CD6EB4747995}.Release|AnyCPU.Build.0 = Release|AnyCPU
		{356E73D0-64BD-481A-BE5E-0A52423AF78B}.Debug|AnyCPU.ActiveCfg = Debug|AnyCPU
		{356E73D0-64BD-481A-BE5E-0A52423AF78B}.Debug|AnyCPU.Build.0 = Debug|AnyCPU
		{356E73D0-64BD-481A-BE5E-0A52423AF78B}.Release|AnyCPU.ActiveCfg = Release|AnyCPU
		{356E73D0-64BD-481A-BE5E-0A52423AF78B}.Release|AnyCPU.Build.0 = Release|AnyCPU
		{3DD735F9-4D1B-400C-9853-CE9B19083E0F}.Debug|AnyCPU.ActiveCfg = Debug|AnyCPU
		{3DD735F9-4D1B-400C-9853-CE9B19083E0F}.Debug|AnyCPU.Build.0 = Debug|AnyCPU
		{3DD735F9-4D1B-400C-9853-CE9B19083E0F}.Release|AnyCPU.ActiveCfg = Release|AnyCPU
		{3DD735F9-4D1B-400C-9853-CE9B19083E0F}.Release|AnyCPU.Build.0 = Release|AnyCPU
		{8CFAC9D2-C053-40B9-B5DD-AD2194E15884}.Debug|AnyCPU.ActiveCfg = Debug|AnyCPU
		{8CFAC9D2-C053-40B9-B5DD-AD2194E15884}.Debug|AnyCPU.Build.0 = Debug|AnyCPU
		{8CFAC9D2-C053-40B9-B5DD-AD2194E15884}.Release|AnyCPU.ActiveCfg = Release|AnyCPU
		{8CFAC9D2-C053-40B9-B5DD-AD2194E15884}.Release|AnyCPU.Build.0 = Release|AnyCPU
		{58CB401C-3456-4653-8911-14ECC5742990}.Debug|AnyCPU.ActiveCfg = Debug|AnyCPU
		{58CB401C-3456-4653-8911-14ECC5742990}.Debug|AnyCPU.Build.0 = Debug|AnyCPU
		{58CB401C-3456-4653-8911-14ECC5742990}.Release|AnyCPU.ActiveCfg = Release|AnyCPU
		{58CB401C-3456-4653-8911-14ECC5742990}.Release|AnyCPU.Build.0 = Release|AnyCPU
		{385B886E-5928-4BA5-91DB-34B2AE8C5047}.Debug|AnyCPU.ActiveCfg = Debug|AnyCPU
		{385B886E-5928-4BA5-91DB-34B2AE8C5047}.Debug|AnyCPU.Build.0 = Debug|AnyCPU
		{385B886E-5928-4BA5-91DB-34B2AE8C5047}.Release|AnyCPU.ActiveCfg = Release|AnyCPU
		{385B886E-5928-4BA5-91DB-34B2AE8C5047}.Release|AnyCPU.Build.0 = Release|AnyCPU
		{5E48D26F-2FB1-46BC-9586-4F149737B0E0}.Debug|AnyCPU.ActiveCfg = Debug|AnyCPU
		{5E48D26F-2FB1-46BC-9586-4F149737B0E0}.Debug|AnyCPU.Build.0 = Debug|AnyCPU
		{5E48D26F-2FB1-46BC-9586-4F149737B0E0}.Release|AnyCPU.ActiveCfg = Release|AnyCPU
		{5E48D26F-2FB1-46BC-9586-4F149737B0E0}.Release|AnyCPU.Build.0 = Release|AnyCPU
		{7AB6C6EB-E0E2-4F29-94E2-02E919DA4D13}.Debug|AnyCPU.ActiveCfg = Debug|AnyCPU
		{7AB6C6EB-E0E2-4F29-94E2-02E919DA4D13}.Debug|AnyCPU.Build.0 = Debug|AnyCPU
		{7AB6C6EB-E0E2-4F29-94E2-02E919DA4D13}.Release|AnyCPU.ActiveCfg = Release|AnyCPU
		{7AB6C6EB-E0E2-4F29-94E2-02E919DA4D13}.Release|AnyCPU.Build.0 = Release|AnyCPU
		{91BAE499-6435-4534-A046-05038266C8E8}.Debug|AnyCPU.ActiveCfg = Debug|AnyCPU
		{91BAE499-6435-4534-A046-05038266C8E8}.Debug|AnyCPU.Build.0 = Debug|AnyCPU
		{91BAE499-6435-4534-A046-05038266C8E8}.Release|AnyCPU.ActiveCfg = Release|AnyCPU
		{91BAE499-6435-4534-A046-05038266C8E8}.Release|AnyCPU.Build.0 = Release|AnyCPU
		{F5B21996-2A16-455E-95CD-8B29079BFC5F}.Debug|AnyCPU.ActiveCfg = Debug|AnyCPU
		{F5B21996-2A16-455E-95CD-8B29079BFC5F}.Debug|AnyCPU.Build.0 = Debug|AnyCPU
		{F5B21996-2A16-455E-95CD-8B29079BFC5F}.Release|AnyCPU.ActiveCfg = Release|AnyCPU
		{F5B21996-2A16-455E-95CD-8B29079BFC5F}.Release|AnyCPU.Build.0 = Release|AnyCPU
		{8D3983B1-5E0B-4244-80AC-222752D43FEF}.Debug|AnyCPU.ActiveCfg = Debug|AnyCPU
		{8D3983B1-5E0B-4244-80AC-222752D43FEF}.Debug|AnyCPU.Build.0 = Debug|AnyCPU
		{8D3983B1-5E0B-4244-80AC-222752D43FEF}.Release|AnyCPU.ActiveCfg = Release|AnyCPU
		{8D3983B1-5E0B-4244-80AC-222752D43FEF}.Release|AnyCPU.Build.0 = Release|AnyCPU
		{B93E5177-568E-4C18-870F-46E25D7892E9}.Debug|AnyCPU.ActiveCfg = Debug|AnyCPU
		{B93E5177-568E-4C18-870F-46E25D7892E9}.Debug|AnyCPU.Build.0 = Debug|AnyCPU
		{B93E5177-568E-4C18-870F-46E25D7892E9}.Release|AnyCPU.ActiveCfg = Release|AnyCPU
		{B93E5177-568E-4C18-870F-46E25D7892E9}.Release|AnyCPU.Build.0 = Release|AnyCPU
		{24636B57-C98A-4EDE-B68F-E85CE5B12D61}.Debug|AnyCPU.ActiveCfg = Debug|AnyCPU
		{24636B57-C98A-4EDE-B68F-E85CE5B12D61}.Debug|AnyCPU.Build.0 = Debug|AnyCPU
		{24636B57-C98A-4EDE-B68F-E85CE5B12D61}.Release|AnyCPU.ActiveCfg = Release|AnyCPU
		{24636B57-C98A-4EDE-B68F-E85CE5B12D61}.Release|AnyCPU.Build.0 = Release|AnyCPU
		{78DD38D7-9C94-40FD-9264-561E04CD2F44}.Debug|AnyCPU.ActiveCfg = Debug|AnyCPU
		{78DD38D7-9C94-40FD-9264-561E04CD2F44}.Debug|AnyCPU.Build.0 = Debug|AnyCPU
		{78DD38D7-9C94-40FD-9264-561E04CD2F44}.Release|AnyCPU.ActiveCfg = Release|AnyCPU
		{78DD38D7-9C94-40FD-9264-561E04CD2F44}.Release|AnyCPU.Build.0 = Release|AnyCPU
		{380766EC-6729-47EA-8018-EE6912A95964}.Debug|AnyCPU.ActiveCfg = Debug|AnyCPU
		{380766EC-6729-47EA-8018-EE6912A95964}.Debug|AnyCPU.Build.0 = Debug|AnyCPU
		{380766EC-6729-47EA-8018-EE6912A95964}.Release|AnyCPU.ActiveCfg = Release|AnyCPU
		{380766EC-6729-47EA-8018-EE6912A95964}.Release|AnyCPU.Build.0 = Release|AnyCPU
		{E4CAF327-9199-46BA-9F23-1AE286AE66BD}.Debug|AnyCPU.ActiveCfg = Debug|AnyCPU
		{E4CAF327-9199-46BA-9F23-1AE286AE66BD}.Debug|AnyCPU.Build.0 = Debug|AnyCPU
		{E4CAF327-9199-46BA-9F23-1AE286AE66BD}.Release|AnyCPU.ActiveCfg = Release|AnyCPU
		{E4CAF327-9199-46BA-9F23-1AE286AE66BD}.Release|AnyCPU.Build.0 = Release|AnyCPU
		{DA08BC98-E5B0-4BDE-8701-02CE8E843A74}.Debug|AnyCPU.ActiveCfg = Debug|AnyCPU
		{DA08BC98-E5B0-4BDE-8701-02CE8E843A74}.Debug|AnyCPU.Build.0 = Debug|AnyCPU
		{DA08BC98-E5B0-4BDE-8701-02CE8E843A74}.Release|AnyCPU.ActiveCfg = Release|AnyCPU
		{DA08BC98-E5B0-4BDE-8701-02CE8E843A74}.Release|AnyCPU.Build.0 = Release|AnyCPU
		{FD73234D-E464-4302-A4D0-988AC5AC2447}.Debug|AnyCPU.ActiveCfg = Debug|AnyCPU
		{FD73234D-E464-4302-A4D0-988AC5AC2447}.Debug|AnyCPU.Build.0 = Debug|AnyCPU
		{FD73234D-E464-4302-A4D0-988AC5AC2447}.Release|AnyCPU.ActiveCfg = Release|AnyCPU
		{FD73234D-E464-4302-A4D0-988AC5AC2447}.Release|AnyCPU.Build.0 = Release|AnyCPU
		{0AF95E17-F496-403E-9C78-358072767051}.Debug|AnyCPU.ActiveCfg = Debug|AnyCPU
		{0AF95E17-F496-403E-9C78-358072767051}.Debug|AnyCPU.Build.0 = Debug|AnyCPU
		{0AF95E17-F496-403E-9C78-358072767051}.Release|AnyCPU.ActiveCfg = Release|AnyCPU
		{0AF95E17-F496-403E-9C78-358072767051}.Release|AnyCPU.Build.0 = Release|AnyCPU
		{070201FC-0D5F-4F52-B788-A7C75897F8B6}.Debug|AnyCPU.ActiveCfg = Debug|AnyCPU
		{070201FC-0D5F-4F52-B788-A7C75897F8B6}.Debug|AnyCPU.Build.0 = Debug|AnyCPU
		{070201FC-0D5F-4F52-B788-A7C75897F8B6}.Release|AnyCPU.ActiveCfg = Release|AnyCPU
		{070201FC-0D5F-4F52-B788-A7C75897F8B6}.Release|AnyCPU.Build.0 = Release|AnyCPU
		{D20FA44A-9463-4A43-BB3C-6241F8EC8D57}.Debug|AnyCPU.ActiveCfg = Debug|AnyCPU
		{D20FA44A-9463-4A43-BB3C-6241F8EC8D57}.Debug|AnyCPU.Build.0 = Debug|AnyCPU
		{D20FA44A-9463-4A43-BB3C-6241F8EC8D57}.Release|AnyCPU.ActiveCfg = Release|AnyCPU
		{D20FA44A-9463-4A43-BB3C-6241F8EC8D57}.Release|AnyCPU.Build.0 = Release|AnyCPU
		{3525D120-835F-4BDC-BF08-DCD96B2455DA}.Debug|AnyCPU.ActiveCfg = Debug|AnyCPU
		{3525D120-835F-4BDC-BF08-DCD96B2455DA}.Debug|AnyCPU.Build.0 = Debug|AnyCPU
		{3525D120-835F-4BDC-BF08-DCD96B2455DA}.Release|AnyCPU.ActiveCfg = Release|AnyCPU
		{3525D120-835F-4BDC-BF08-DCD96B2455DA}.Release|AnyCPU.Build.0 = Release|AnyCPU
		{2C302128-C3E6-471B-B63B-899B7B2C1262}.Debug|AnyCPU.ActiveCfg = Debug|AnyCPU
		{2C302128-C3E6-471B-B63B-899B7B2C1262}.Debug|AnyCPU.Build.0 = Debug|AnyCPU
		{2C302128-C3E6-471B-B63B-899B7B2C1262}.Release|AnyCPU.ActiveCfg = Release|AnyCPU
		{2C302128-C3E6-471B-B63B-899B7B2C1262}.Release|AnyCPU.Build.0 = Release|AnyCPU
	EndGlobalSection
	GlobalSection(SolutionProperties) = preSolution
		HideSolutionNode = FALSE
	EndGlobalSection
EndGlobal
