Microsoft Visual Studio Solution File, Format Version 12.00
# Visual Studio 14
VisualStudioVersion = 14.0.24720.0
MinimumVisualStudioVersion = 10.0.40219.1
Project("{FAE04EC0-301F-11D3-BF4B-00C04F79EFBC}") = "Assembly-CSharp-firstpass", "Assembly-CSharp-firstpass\Assembly-CSharp-firstpass.csproj", "{FA21E800-86E9-408A-9229-11869097DCF4}"
EndProject
Project("{FAE04EC0-301F-11D3-BF4B-00C04F79EFBC}") = "Autodesk.Fbx", "Autodesk.Fbx\Autodesk.Fbx.csproj", "{3E1D94D8-300F-4906-8267-85CFEF8D543F}"
EndProject
Project("{FAE04EC0-301F-11D3-BF4B-00C04F79EFBC}") = "BuildMode", "BuildMode\BuildMode.csproj", "{6A9FD41A-1A39-44D0-915A-B5109BB3B2DF}"
EndProject
Project("{FAE04EC0-301F-11D3-BF4B-00C04F79EFBC}") = "BundlesBaseTypes", "BundlesBaseTypes\BundlesBaseTypes.csproj", "{8A891A3C-AE1C-43F6-AB74-22A17C24D43D}"
EndProject
Project("{FAE04EC0-301F-11D3-BF4B-00C04F79EFBC}") = "CircularBuffer", "CircularBuffer\CircularBuffer.csproj", "{6B1383C3-F952-447B-B99B-9D932B4D0654}"
EndProject
Project("{FAE04EC0-301F-11D3-BF4B-00C04F79EFBC}") = "Code", "Code\Code.csproj", "{7741C0B3-201D-4688-9FB8-EB1FCAAE1184}"
EndProject
Project("{FAE04EC0-301F-11D3-BF4B-00C04F79EFBC}") = "Core.Async", "Core.Async\Core.Async.csproj", "{C04B5B3A-935A-415A-A662-C36CA6EF5B2F}"
EndProject
Project("{FAE04EC0-301F-11D3-BF4B-00C04F79EFBC}") = "Core.Cheats.Attribute", "Core.Cheats.Attribute\Core.Cheats.Attribute.csproj", "{E7ABA8E8-15AA-4251-B709-7C6A4BB87C20}"
EndProject
Project("{FAE04EC0-301F-11D3-BF4B-00C04F79EFBC}") = "Core.Cheats", "Core.Cheats\Core.Cheats.csproj", "{9B01F659-63AA-468C-A2C3-BA737AF1DC88}"
EndProject
Project("{FAE04EC0-301F-11D3-BF4B-00C04F79EFBC}") = "Core.Console", "Core.Console\Core.Console.csproj", "{519C0309-65CD-4168-8A16-586AE6CC220B}"
EndProject
Project("{FAE04EC0-301F-11D3-BF4B-00C04F79EFBC}") = "Core.Overlays", "Core.Overlays\Core.Overlays.csproj", "{B2093215-0C71-48C5-9931-45BC75D3EE25}"
EndProject
Project("{FAE04EC0-301F-11D3-BF4B-00C04F79EFBC}") = "Core.Reflection", "Core.Reflection\Core.Reflection.csproj", "{25BA3F32-8F7B-4B62-93CA-E86C1CA15665}"
EndProject
Project("{FAE04EC0-301F-11D3-BF4B-00C04F79EFBC}") = "Core.RestServer.Client", "Core.RestServer.Client\Core.RestServer.Client.csproj", "{8744544C-B20D-45C9-8ED8-D8D1808DE3D3}"
EndProject
Project("{FAE04EC0-301F-11D3-BF4B-00C04F79EFBC}") = "Core.RestServer.Common", "Core.RestServer.Common\Core.RestServer.Common.csproj", "{CACD26CD-0010-4AE0-9839-48CA0075F82D}"
EndProject
Project("{FAE04EC0-301F-11D3-BF4B-00C04F79EFBC}") = "Core.RestServer", "Core.RestServer\Core.RestServer.csproj", "{27D22C58-D6D8-4897-8FD1-A13E735505BB}"
EndProject
Project("{FAE04EC0-301F-11D3-BF4B-00C04F79EFBC}") = "Core.StateCrawler", "Core.StateCrawler\Core.StateCrawler.csproj", "{4E15D7AD-262D-4B20-AE51-58B351DA43A3}"
EndProject
Project("{FAE04EC0-301F-11D3-BF4B-00C04F79EFBC}") = "CountingGuard", "CountingGuard\CountingGuard.csproj", "{671D305E-F91D-48FE-A9D8-AABCFC550D43}"
EndProject
Project("{FAE04EC0-301F-11D3-BF4B-00C04F79EFBC}") = "GeometryExtensions", "GeometryExtensions\GeometryExtensions.csproj", "{844AAABF-A2A0-4F8D-BF2E-C83846A9F6EB}"
EndProject
Project("{FAE04EC0-301F-11D3-BF4B-00C04F79EFBC}") = "GuidUtility", "GuidUtility\GuidUtility.csproj", "{A905EC61-F2BB-4ACA-BFF2-B18A6C10291A}"
EndProject
Project("{FAE04EC0-301F-11D3-BF4B-00C04F79EFBC}") = "Kingmaker.AreaLogic.TimeOfDay", "Kingmaker.AreaLogic.TimeOfDay\Kingmaker.AreaLogic.TimeOfDay.csproj", "{0735779B-4AEB-451C-BAD3-8AA407C51A64}"
EndProject
Project("{FAE04EC0-301F-11D3-BF4B-00C04F79EFBC}") = "Kingmaker.Blueprints.Attributes", "Kingmaker.Blueprints.Attributes\Kingmaker.Blueprints.Attributes.csproj", "{FA0399FE-6DDA-4699-87FF-E65E72B0AD7F}"
EndProject
Project("{FAE04EC0-301F-11D3-BF4B-00C04F79EFBC}") = "Kingmaker.Blueprints.Base", "Kingmaker.Blueprints.Base\Kingmaker.Blueprints.Base.csproj", "{5B13EB16-704A-4819-AB16-23425B78B7C4}"
EndProject
Project("{FAE04EC0-301F-11D3-BF4B-00C04F79EFBC}") = "Kingmaker.Blueprints.Hack", "Kingmaker.Blueprints.Hack\Kingmaker.Blueprints.Hack.csproj", "{77F08A5F-1E56-4B41-9099-3D2C17E5C518}"
EndProject
Project("{FAE04EC0-301F-11D3-BF4B-00C04F79EFBC}") = "Kingmaker.Blueprints.JsonSystem.EditorDatabase.FileDatabaseClient", "Kingmaker.Blueprints.JsonSystem.EditorDatabase.FileDatabaseClient\Kingmaker.Blueprints.JsonSystem.EditorDatabase.FileDatabaseClient.csproj", "{7C6065F4-5DF8-45C7-AB0F-1423ACB71991}"
EndProject
Project("{FAE04EC0-301F-11D3-BF4B-00C04F79EFBC}") = "Kingmaker.Blueprints.JsonSystem.Hepers", "Kingmaker.Blueprints.JsonSystem.Hepers\Kingmaker.Blueprints.JsonSystem.Hepers.csproj", "{21C43F0D-B392-479F-8F9A-1A6DA4DCA77A}"
EndProject
Project("{FAE04EC0-301F-11D3-BF4B-00C04F79EFBC}") = "Kingmaker.Blueprints.JsonSystem.PropertyUtility", "Kingmaker.Blueprints.JsonSystem.PropertyUtility\Kingmaker.Blueprints.JsonSystem.PropertyUtility.csproj", "{611D5A9C-063C-4091-9B03-EC2632ED7830}"
EndProject
Project("{FAE04EC0-301F-11D3-BF4B-00C04F79EFBC}") = "Kingmaker.Blueprints.JsonSystem.PropertyUtility.Helper", "Kingmaker.Blueprints.JsonSystem.PropertyUtility.Helper\Kingmaker.Blueprints.JsonSystem.PropertyUtility.Helper.csproj", "{57CFE567-459B-4ADA-B7B8-E00586D0D794}"
EndProject
Project("{FAE04EC0-301F-11D3-BF4B-00C04F79EFBC}") = "Kingmaker.Blueprints.OverridesManager", "Kingmaker.Blueprints.OverridesManager\Kingmaker.Blueprints.OverridesManager.csproj", "{DD54613E-F55F-456D-A43A-F730AB3D78EB}"
EndProject
Project("{FAE04EC0-301F-11D3-BF4B-00C04F79EFBC}") = "Kingmaker.Controllers.Enums", "Kingmaker.Controllers.Enums\Kingmaker.Controllers.Enums.csproj", "{5ED0F959-CF14-4A0E-B802-5E1064E2F9F3}"
EndProject
Project("{FAE04EC0-301F-11D3-BF4B-00C04F79EFBC}") = "Kingmaker.Controllers.Interfaces", "Kingmaker.Controllers.Interfaces\Kingmaker.Controllers.Interfaces.csproj", "{8BC13D36-DEBA-4BC3-8123-EC7BF81F66F4}"
EndProject
Project("{FAE04EC0-301F-11D3-BF4B-00C04F79EFBC}") = "Kingmaker.ElementsSystem.Interfaces", "Kingmaker.ElementsSystem.Interfaces\Kingmaker.ElementsSystem.Interfaces.csproj", "{294BBB4C-F22E-4D46-A1F3-B09710669B8B}"
EndProject
Project("{FAE04EC0-301F-11D3-BF4B-00C04F79EFBC}") = "Kingmaker.EntitySystem.Stats.Base", "Kingmaker.EntitySystem.Stats.Base\Kingmaker.EntitySystem.Stats.Base.csproj", "{B15C7E80-1667-49DE-B3E9-7F9F7D5A5329}"
EndProject
Project("{FAE04EC0-301F-11D3-BF4B-00C04F79EFBC}") = "Kingmaker.Enums.Damage", "Kingmaker.Enums.Damage\Kingmaker.Enums.Damage.csproj", "{A88B729D-233B-4499-9F00-B81B75DD6085}"
EndProject
Project("{FAE04EC0-301F-11D3-BF4B-00C04F79EFBC}") = "Kingmaker.Enums", "Kingmaker.Enums\Kingmaker.Enums.csproj", "{2D80A7FD-5A00-4903-88EA-ED8CB121A294}"
EndProject
Project("{FAE04EC0-301F-11D3-BF4B-00C04F79EFBC}") = "Kingmaker.GameInfo", "Kingmaker.GameInfo\Kingmaker.GameInfo.csproj", "{F190B6FE-A670-46CB-B0EA-4E71CAFEB288}"
EndProject
Project("{FAE04EC0-301F-11D3-BF4B-00C04F79EFBC}") = "Kingmaker.Localization.Enums", "Kingmaker.Localization.Enums\Kingmaker.Localization.Enums.csproj", "{774A187D-5063-475D-A1C9-9A6CB1B345AE}"
EndProject
Project("{FAE04EC0-301F-11D3-BF4B-00C04F79EFBC}") = "Kingmaker.PubSubSystem.Core.Interfaces", "Kingmaker.PubSubSystem.Core.Interfaces\Kingmaker.PubSubSystem.Core.Interfaces.csproj", "{DD5739AD-6F4B-42FA-9A85-7DAE28D7F20A}"
EndProject
Project("{FAE04EC0-301F-11D3-BF4B-00C04F79EFBC}") = "Kingmaker.QA.Arbiter.Profiling", "Kingmaker.QA.Arbiter.Profiling\Kingmaker.QA.Arbiter.Profiling.csproj", "{2FB7A59E-7D4F-4C94-8D28-C5B5E9EF1558}"
EndProject
Project("{FAE04EC0-301F-11D3-BF4B-00C04F79EFBC}") = "Kingmaker.ResourceLinks.BaseInterfaces", "Kingmaker.ResourceLinks.BaseInterfaces\Kingmaker.ResourceLinks.BaseInterfaces.csproj", "{3C2B1CF7-63A5-4F72-B964-38068DF4280B}"
EndProject
Project("{FAE04EC0-301F-11D3-BF4B-00C04F79EFBC}") = "Kingmaker.ResourceReplacementProvider", "Kingmaker.ResourceReplacementProvider\Kingmaker.ResourceReplacementProvider.csproj", "{EF5F7537-5C58-47DF-8E32-5240F375ADF4}"
EndProject
Project("{FAE04EC0-301F-11D3-BF4B-00C04F79EFBC}") = "Kingmaker.RuleSystem.Enum", "Kingmaker.RuleSystem.Enum\Kingmaker.RuleSystem.Enum.csproj", "{32959D31-DF56-4499-8759-D8FBA69AAE6C}"
EndProject
Project("{FAE04EC0-301F-11D3-BF4B-00C04F79EFBC}") = "Kingmaker.RuleSystem.Rules.Interfaces", "Kingmaker.RuleSystem.Rules.Interfaces\Kingmaker.RuleSystem.Rules.Interfaces.csproj", "{BEA086A2-4E85-47B2-A34C-9328B54C0E72}"
EndProject
Project("{FAE04EC0-301F-11D3-BF4B-00C04F79EFBC}") = "Kingmaker.Settings.ConstructionHelpers.KeyPrefix", "Kingmaker.Settings.ConstructionHelpers.KeyPrefix\Kingmaker.Settings.ConstructionHelpers.KeyPrefix.csproj", "{BA500758-889A-4879-A203-2BB55E9D8682}"
EndProject
Project("{FAE04EC0-301F-11D3-BF4B-00C04F79EFBC}") = "Kingmaker.Settings.Interfaces", "Kingmaker.Settings.Interfaces\Kingmaker.Settings.Interfaces.csproj", "{E23D8D9A-6667-4573-9E33-6BA9FB753E7E}"
EndProject
Project("{FAE04EC0-301F-11D3-BF4B-00C04F79EFBC}") = "Kingmaker.Sound.Base", "Kingmaker.Sound.Base\Kingmaker.Sound.Base.csproj", "{2682AB8A-C06C-48FE-9580-4FDD8FA54021}"
EndProject
Project("{FAE04EC0-301F-11D3-BF4B-00C04F79EFBC}") = "Kingmaker.Stores.DlcInterfaces", "Kingmaker.Stores.DlcInterfaces\Kingmaker.Stores.DlcInterfaces.csproj", "{9F1BCA62-F3FE-416A-8DF6-B508CBF5A1A3}"
EndProject
Project("{FAE04EC0-301F-11D3-BF4B-00C04F79EFBC}") = "Kingmaker.Stores", "Kingmaker.Stores\Kingmaker.Stores.csproj", "{E85708AB-841C-4CD5-8729-F6E7C9BEC98D}"
EndProject
Project("{FAE04EC0-301F-11D3-BF4B-00C04F79EFBC}") = "Kingmaker.TextTools.Base", "Kingmaker.TextTools.Base\Kingmaker.TextTools.Base.csproj", "{883EA315-8388-434B-8546-8E8B5DC7B4CC}"
EndProject
Project("{FAE04EC0-301F-11D3-BF4B-00C04F79EFBC}") = "Kingmaker.TextTools.Core", "Kingmaker.TextTools.Core\Kingmaker.TextTools.Core.csproj", "{E3D4B389-C19B-45C6-AEDD-E6273B85F0B1}"
EndProject
Project("{FAE04EC0-301F-11D3-BF4B-00C04F79EFBC}") = "Kingmaker.UI.InputSystems.Enums", "Kingmaker.UI.InputSystems.Enums\Kingmaker.UI.InputSystems.Enums.csproj", "{835D6E9E-4318-474F-A345-9377A8845AC6}"
EndProject
Project("{FAE04EC0-301F-11D3-BF4B-00C04F79EFBC}") = "Kingmaker.UI.Models.Log.ContextFlag", "Kingmaker.UI.Models.Log.ContextFlag\Kingmaker.UI.Models.Log.ContextFlag.csproj", "{66F53691-3CAB-4F96-A412-8EE761EB3D74}"
EndProject
Project("{FAE04EC0-301F-11D3-BF4B-00C04F79EFBC}") = "Kingmaker.UI.Models.Log.Enums", "Kingmaker.UI.Models.Log.Enums\Kingmaker.UI.Models.Log.Enums.csproj", "{9EAF2242-AB38-43DA-A124-C91E2D500E1D}"
EndProject
Project("{FAE04EC0-301F-11D3-BF4B-00C04F79EFBC}") = "Kingmaker.UI.Models.Tooltip.Base", "Kingmaker.UI.Models.Tooltip.Base\Kingmaker.UI.Models.Tooltip.Base.csproj", "{5DBC1203-D9AD-4533-9EF8-81C1EA5B6010}"
EndProject
Project("{FAE04EC0-301F-11D3-BF4B-00C04F79EFBC}") = "Kingmaker.UnitLogic.Enums", "Kingmaker.UnitLogic.Enums\Kingmaker.UnitLogic.Enums.csproj", "{50E47F08-8DF9-4295-A012-D51FE6626ADD}"
EndProject
Project("{FAE04EC0-301F-11D3-BF4B-00C04F79EFBC}") = "Kingmaker.UnitLogic.Mechanics.Facts.Interfaces", "Kingmaker.UnitLogic.Mechanics.Facts.Interfaces\Kingmaker.UnitLogic.Mechanics.Facts.Interfaces.csproj", "{8B6D0B08-3CF4-473F-9B06-61B41ACA8D81}"
EndProject
Project("{FAE04EC0-301F-11D3-BF4B-00C04F79EFBC}") = "Kingmaker.Utility.Enums", "Kingmaker.Utility.Enums\Kingmaker.Utility.Enums.csproj", "{22BA9FD9-671C-44DF-94AD-1245A9E3859B}"
EndProject
Project("{FAE04EC0-301F-11D3-BF4B-00C04F79EFBC}") = "Kingmaker.Utility.FlagCountable", "Kingmaker.Utility.FlagCountable\Kingmaker.Utility.FlagCountable.csproj", "{CF1B933A-02B1-459E-8261-A832A6A76CAC}"
EndProject
Project("{FAE04EC0-301F-11D3-BF4B-00C04F79EFBC}") = "Kingmaker.Utility.Fsm", "Kingmaker.Utility.Fsm\Kingmaker.Utility.Fsm.csproj", "{5B54D86F-47C8-4909-9441-1C2E5E6B7D42}"
EndProject
Project("{FAE04EC0-301F-11D3-BF4B-00C04F79EFBC}") = "Kingmaker.Utility.Random", "Kingmaker.Utility.Random\Kingmaker.Utility.Random.csproj", "{530F3A78-98B1-40B2-92A2-1FB9CA962D34}"
EndProject
Project("{FAE04EC0-301F-11D3-BF4B-00C04F79EFBC}") = "Kingmaker.Visual.Animation.GraphVisualizerClient", "Kingmaker.Visual.Animation.GraphVisualizerClient\Kingmaker.Visual.Animation.GraphVisualizerClient.csproj", "{837D2EFB-AE37-4DB3-ADA2-9C724D2659B5}"
EndProject
Project("{FAE04EC0-301F-11D3-BF4B-00C04F79EFBC}") = "Kingmaker.Visual.Base", "Kingmaker.Visual.Base\Kingmaker.Visual.Base.csproj", "{FD5B1995-38AE-4173-B118-73117874C7B3}"
EndProject
Project("{FAE04EC0-301F-11D3-BF4B-00C04F79EFBC}") = "Kingmaker.Visual.HitSystem.Base", "Kingmaker.Visual.HitSystem.Base\Kingmaker.Visual.HitSystem.Base.csproj", "{74976546-772F-4F4F-9614-84AAAE09720B}"
EndProject
Project("{FAE04EC0-301F-11D3-BF4B-00C04F79EFBC}") = "Kingmaker.Visual.Particles.GameObjectsPooling", "Kingmaker.Visual.Particles.GameObjectsPooling\Kingmaker.Visual.Particles.GameObjectsPooling.csproj", "{6ECE7E4D-CB68-4821-81CD-B9052E095497}"
EndProject
Project("{FAE04EC0-301F-11D3-BF4B-00C04F79EFBC}") = "LocalizationShared", "LocalizationShared\LocalizationShared.csproj", "{42EEE0FE-23ED-4517-9D3D-0BC96D96D715}"
EndProject
Project("{FAE04EC0-301F-11D3-BF4B-00C04F79EFBC}") = "Owlcat.Runtime.Core", "Owlcat.Runtime.Core\Owlcat.Runtime.Core.csproj", "{B19A90BF-EABE-4158-889B-8CBC45748D7D}"
EndProject
Project("{FAE04EC0-301F-11D3-BF4B-00C04F79EFBC}") = "Owlcat.Runtime.UI", "Owlcat.Runtime.UI\Owlcat.Runtime.UI.csproj", "{0CFC9A78-6B25-4360-8EEA-C7DDA87D3904}"
EndProject
Project("{FAE04EC0-301F-11D3-BF4B-00C04F79EFBC}") = "Owlcat.Runtime.UniRx", "Owlcat.Runtime.UniRx\Owlcat.Runtime.UniRx.csproj", "{FF13974B-AA6E-4B0A-B0D6-302750C16B75}"
EndProject
Project("{FAE04EC0-301F-11D3-BF4B-00C04F79EFBC}") = "Owlcat.Runtime.Validation", "Owlcat.Runtime.Validation\Owlcat.Runtime.Validation.csproj", "{ED0BE932-9E1F-4124-B5C4-5F9145A8964B}"
EndProject
Project("{FAE04EC0-301F-11D3-BF4B-00C04F79EFBC}") = "Owlcat.Runtime.Visual", "Owlcat.Runtime.Visual\Owlcat.Runtime.Visual.csproj", "{0359F6C6-C3C3-4C2D-948A-42DB852CF7A1}"
EndProject
Project("{FAE04EC0-301F-11D3-BF4B-00C04F79EFBC}") = "Owlcat.ShaderLibrary.Visual", "Owlcat.ShaderLibrary.Visual\Owlcat.ShaderLibrary.Visual.csproj", "{61474BF7-0DB0-48D5-96A2-32B9D49BA56A}"
EndProject
Project("{FAE04EC0-301F-11D3-BF4B-00C04F79EFBC}") = "Owlcat.Shaders.Visual", "Owlcat.Shaders.Visual\Owlcat.Shaders.Visual.csproj", "{66A1BC8C-15CB-45CC-BB5C-149D883D0926}"
EndProject
Project("{FAE04EC0-301F-11D3-BF4B-00C04F79EFBC}") = "PFlog", "PFlog\PFlog.csproj", "{D7D74084-A493-40CD-BA68-A0C2AC1F94BA}"
EndProject
Project("{FAE04EC0-301F-11D3-BF4B-00C04F79EFBC}") = "ReplayLog", "ReplayLog\ReplayLog.csproj", "{2E74A422-7622-4E4A-B1DB-7A84401C3CA5}"
EndProject
Project("{FAE04EC0-301F-11D3-BF4B-00C04F79EFBC}") = "RogueTrader.Code.ShaderConsts", "RogueTrader.Code.ShaderConsts\RogueTrader.Code.ShaderConsts.csproj", "{DC6D29C8-D4B6-4C29-AB4B-16F27683D4A7}"
EndProject
Project("{FAE04EC0-301F-11D3-BF4B-00C04F79EFBC}") = "RogueTrader.Editor.ElementsDescription", "RogueTrader.Editor.ElementsDescription\RogueTrader.Editor.ElementsDescription.csproj", "{73160BF0-30F2-4913-977B-06ECA5CBAC06}"
EndProject
Project("{FAE04EC0-301F-11D3-BF4B-00C04F79EFBC}") = "RogueTrader.GameCore", "RogueTrader.GameCore\RogueTrader.GameCore.csproj", "{C8155EE4-1E37-470E-ACC1-320671CD234B}"
EndProject
Project("{FAE04EC0-301F-11D3-BF4B-00C04F79EFBC}") = "RogueTrader.ModInitializer", "RogueTrader.ModInitializer\RogueTrader.ModInitializer.csproj", "{ADA201E7-8A3B-4C48-B0D6-87BB59A6447F}"
EndProject
Project("{FAE04EC0-301F-11D3-BF4B-00C04F79EFBC}") = "RogueTrader.NetPlayer", "RogueTrader.NetPlayer\RogueTrader.NetPlayer.csproj", "{C72E1951-3769-4192-A7DA-AA4DCC9849C0}"
EndProject
Project("{FAE04EC0-301F-11D3-BF4B-00C04F79EFBC}") = "RogueTrader.QA.QAModeExceptionEvents", "RogueTrader.QA.QAModeExceptionEvents\RogueTrader.QA.QAModeExceptionEvents.csproj", "{1CF1E5CD-2284-43A0-A258-08364A046E82}"
EndProject
Project("{FAE04EC0-301F-11D3-BF4B-00C04F79EFBC}") = "RogueTrader.SharedTypes", "RogueTrader.SharedTypes\RogueTrader.SharedTypes.csproj", "{9DCA87A8-339A-499E-87EE-D11E89DF86D4}"
EndProject
Project("{FAE04EC0-301F-11D3-BF4B-00C04F79EFBC}") = "StatefulRandom", "StatefulRandom\StatefulRandom.csproj", "{73B2A483-06C0-4989-B0CE-8514FD543A76}"
EndProject
Project("{FAE04EC0-301F-11D3-BF4B-00C04F79EFBC}") = "UnitLogic.Alignments.Enums", "UnitLogic.Alignments.Enums\UnitLogic.Alignments.Enums.csproj", "{3C4E8EE6-F3CD-4476-8A6F-ECB291D40971}"
EndProject
Project("{FAE04EC0-301F-11D3-BF4B-00C04F79EFBC}") = "Assembly-CSharp", "Assembly-CSharp\Assembly-CSharp.csproj", "{6FBD5CA4-CDEF-4EFD-983F-3CAE52DA77DB}"
EndProject
Global
	GlobalSection(SolutionConfigurationPlatforms) = preSolution
		Debug|AnyCPU = Debug|AnyCPU
		Release|AnyCPU = Release|AnyCPU
	EndGlobalSection
	GlobalSection(ProjectConfigurationPlatforms) = postSolution
		{FA21E800-86E9-408A-9229-11869097DCF4}.Debug|AnyCPU.ActiveCfg = Debug|AnyCPU
		{FA21E800-86E9-408A-9229-11869097DCF4}.Debug|AnyCPU.Build.0 = Debug|AnyCPU
		{FA21E800-86E9-408A-9229-11869097DCF4}.Release|AnyCPU.ActiveCfg = Release|AnyCPU
		{FA21E800-86E9-408A-9229-11869097DCF4}.Release|AnyCPU.Build.0 = Release|AnyCPU
		{3E1D94D8-300F-4906-8267-85CFEF8D543F}.Debug|AnyCPU.ActiveCfg = Debug|AnyCPU
		{3E1D94D8-300F-4906-8267-85CFEF8D543F}.Debug|AnyCPU.Build.0 = Debug|AnyCPU
		{3E1D94D8-300F-4906-8267-85CFEF8D543F}.Release|AnyCPU.ActiveCfg = Release|AnyCPU
		{3E1D94D8-300F-4906-8267-85CFEF8D543F}.Release|AnyCPU.Build.0 = Release|AnyCPU
		{6A9FD41A-1A39-44D0-915A-B5109BB3B2DF}.Debug|AnyCPU.ActiveCfg = Debug|AnyCPU
		{6A9FD41A-1A39-44D0-915A-B5109BB3B2DF}.Debug|AnyCPU.Build.0 = Debug|AnyCPU
		{6A9FD41A-1A39-44D0-915A-B5109BB3B2DF}.Release|AnyCPU.ActiveCfg = Release|AnyCPU
		{6A9FD41A-1A39-44D0-915A-B5109BB3B2DF}.Release|AnyCPU.Build.0 = Release|AnyCPU
		{8A891A3C-AE1C-43F6-AB74-22A17C24D43D}.Debug|AnyCPU.ActiveCfg = Debug|AnyCPU
		{8A891A3C-AE1C-43F6-AB74-22A17C24D43D}.Debug|AnyCPU.Build.0 = Debug|AnyCPU
		{8A891A3C-AE1C-43F6-AB74-22A17C24D43D}.Release|AnyCPU.ActiveCfg = Release|AnyCPU
		{8A891A3C-AE1C-43F6-AB74-22A17C24D43D}.Release|AnyCPU.Build.0 = Release|AnyCPU
		{6B1383C3-F952-447B-B99B-9D932B4D0654}.Debug|AnyCPU.ActiveCfg = Debug|AnyCPU
		{6B1383C3-F952-447B-B99B-9D932B4D0654}.Debug|AnyCPU.Build.0 = Debug|AnyCPU
		{6B1383C3-F952-447B-B99B-9D932B4D0654}.Release|AnyCPU.ActiveCfg = Release|AnyCPU
		{6B1383C3-F952-447B-B99B-9D932B4D0654}.Release|AnyCPU.Build.0 = Release|AnyCPU
		{7741C0B3-201D-4688-9FB8-EB1FCAAE1184}.Debug|AnyCPU.ActiveCfg = Debug|AnyCPU
		{7741C0B3-201D-4688-9FB8-EB1FCAAE1184}.Debug|AnyCPU.Build.0 = Debug|AnyCPU
		{7741C0B3-201D-4688-9FB8-EB1FCAAE1184}.Release|AnyCPU.ActiveCfg = Release|AnyCPU
		{7741C0B3-201D-4688-9FB8-EB1FCAAE1184}.Release|AnyCPU.Build.0 = Release|AnyCPU
		{C04B5B3A-935A-415A-A662-C36CA6EF5B2F}.Debug|AnyCPU.ActiveCfg = Debug|AnyCPU
		{C04B5B3A-935A-415A-A662-C36CA6EF5B2F}.Debug|AnyCPU.Build.0 = Debug|AnyCPU
		{C04B5B3A-935A-415A-A662-C36CA6EF5B2F}.Release|AnyCPU.ActiveCfg = Release|AnyCPU
		{C04B5B3A-935A-415A-A662-C36CA6EF5B2F}.Release|AnyCPU.Build.0 = Release|AnyCPU
		{E7ABA8E8-15AA-4251-B709-7C6A4BB87C20}.Debug|AnyCPU.ActiveCfg = Debug|AnyCPU
		{E7ABA8E8-15AA-4251-B709-7C6A4BB87C20}.Debug|AnyCPU.Build.0 = Debug|AnyCPU
		{E7ABA8E8-15AA-4251-B709-7C6A4BB87C20}.Release|AnyCPU.ActiveCfg = Release|AnyCPU
		{E7ABA8E8-15AA-4251-B709-7C6A4BB87C20}.Release|AnyCPU.Build.0 = Release|AnyCPU
		{9B01F659-63AA-468C-A2C3-BA737AF1DC88}.Debug|AnyCPU.ActiveCfg = Debug|AnyCPU
		{9B01F659-63AA-468C-A2C3-BA737AF1DC88}.Debug|AnyCPU.Build.0 = Debug|AnyCPU
		{9B01F659-63AA-468C-A2C3-BA737AF1DC88}.Release|AnyCPU.ActiveCfg = Release|AnyCPU
		{9B01F659-63AA-468C-A2C3-BA737AF1DC88}.Release|AnyCPU.Build.0 = Release|AnyCPU
		{519C0309-65CD-4168-8A16-586AE6CC220B}.Debug|AnyCPU.ActiveCfg = Debug|AnyCPU
		{519C0309-65CD-4168-8A16-586AE6CC220B}.Debug|AnyCPU.Build.0 = Debug|AnyCPU
		{519C0309-65CD-4168-8A16-586AE6CC220B}.Release|AnyCPU.ActiveCfg = Release|AnyCPU
		{519C0309-65CD-4168-8A16-586AE6CC220B}.Release|AnyCPU.Build.0 = Release|AnyCPU
		{B2093215-0C71-48C5-9931-45BC75D3EE25}.Debug|AnyCPU.ActiveCfg = Debug|AnyCPU
		{B2093215-0C71-48C5-9931-45BC75D3EE25}.Debug|AnyCPU.Build.0 = Debug|AnyCPU
		{B2093215-0C71-48C5-9931-45BC75D3EE25}.Release|AnyCPU.ActiveCfg = Release|AnyCPU
		{B2093215-0C71-48C5-9931-45BC75D3EE25}.Release|AnyCPU.Build.0 = Release|AnyCPU
		{25BA3F32-8F7B-4B62-93CA-E86C1CA15665}.Debug|AnyCPU.ActiveCfg = Debug|AnyCPU
		{25BA3F32-8F7B-4B62-93CA-E86C1CA15665}.Debug|AnyCPU.Build.0 = Debug|AnyCPU
		{25BA3F32-8F7B-4B62-93CA-E86C1CA15665}.Release|AnyCPU.ActiveCfg = Release|AnyCPU
		{25BA3F32-8F7B-4B62-93CA-E86C1CA15665}.Release|AnyCPU.Build.0 = Release|AnyCPU
		{8744544C-B20D-45C9-8ED8-D8D1808DE3D3}.Debug|AnyCPU.ActiveCfg = Debug|AnyCPU
		{8744544C-B20D-45C9-8ED8-D8D1808DE3D3}.Debug|AnyCPU.Build.0 = Debug|AnyCPU
		{8744544C-B20D-45C9-8ED8-D8D1808DE3D3}.Release|AnyCPU.ActiveCfg = Release|AnyCPU
		{8744544C-B20D-45C9-8ED8-D8D1808DE3D3}.Release|AnyCPU.Build.0 = Release|AnyCPU
		{CACD26CD-0010-4AE0-9839-48CA0075F82D}.Debug|AnyCPU.ActiveCfg = Debug|AnyCPU
		{CACD26CD-0010-4AE0-9839-48CA0075F82D}.Debug|AnyCPU.Build.0 = Debug|AnyCPU
		{CACD26CD-0010-4AE0-9839-48CA0075F82D}.Release|AnyCPU.ActiveCfg = Release|AnyCPU
		{CACD26CD-0010-4AE0-9839-48CA0075F82D}.Release|AnyCPU.Build.0 = Release|AnyCPU
		{27D22C58-D6D8-4897-8FD1-A13E735505BB}.Debug|AnyCPU.ActiveCfg = Debug|AnyCPU
		{27D22C58-D6D8-4897-8FD1-A13E735505BB}.Debug|AnyCPU.Build.0 = Debug|AnyCPU
		{27D22C58-D6D8-4897-8FD1-A13E735505BB}.Release|AnyCPU.ActiveCfg = Release|AnyCPU
		{27D22C58-D6D8-4897-8FD1-A13E735505BB}.Release|AnyCPU.Build.0 = Release|AnyCPU
		{4E15D7AD-262D-4B20-AE51-58B351DA43A3}.Debug|AnyCPU.ActiveCfg = Debug|AnyCPU
		{4E15D7AD-262D-4B20-AE51-58B351DA43A3}.Debug|AnyCPU.Build.0 = Debug|AnyCPU
		{4E15D7AD-262D-4B20-AE51-58B351DA43A3}.Release|AnyCPU.ActiveCfg = Release|AnyCPU
		{4E15D7AD-262D-4B20-AE51-58B351DA43A3}.Release|AnyCPU.Build.0 = Release|AnyCPU
		{671D305E-F91D-48FE-A9D8-AABCFC550D43}.Debug|AnyCPU.ActiveCfg = Debug|AnyCPU
		{671D305E-F91D-48FE-A9D8-AABCFC550D43}.Debug|AnyCPU.Build.0 = Debug|AnyCPU
		{671D305E-F91D-48FE-A9D8-AABCFC550D43}.Release|AnyCPU.ActiveCfg = Release|AnyCPU
		{671D305E-F91D-48FE-A9D8-AABCFC550D43}.Release|AnyCPU.Build.0 = Release|AnyCPU
		{844AAABF-A2A0-4F8D-BF2E-C83846A9F6EB}.Debug|AnyCPU.ActiveCfg = Debug|AnyCPU
		{844AAABF-A2A0-4F8D-BF2E-C83846A9F6EB}.Debug|AnyCPU.Build.0 = Debug|AnyCPU
		{844AAABF-A2A0-4F8D-BF2E-C83846A9F6EB}.Release|AnyCPU.ActiveCfg = Release|AnyCPU
		{844AAABF-A2A0-4F8D-BF2E-C83846A9F6EB}.Release|AnyCPU.Build.0 = Release|AnyCPU
		{A905EC61-F2BB-4ACA-BFF2-B18A6C10291A}.Debug|AnyCPU.ActiveCfg = Debug|AnyCPU
		{A905EC61-F2BB-4ACA-BFF2-B18A6C10291A}.Debug|AnyCPU.Build.0 = Debug|AnyCPU
		{A905EC61-F2BB-4ACA-BFF2-B18A6C10291A}.Release|AnyCPU.ActiveCfg = Release|AnyCPU
		{A905EC61-F2BB-4ACA-BFF2-B18A6C10291A}.Release|AnyCPU.Build.0 = Release|AnyCPU
		{0735779B-4AEB-451C-BAD3-8AA407C51A64}.Debug|AnyCPU.ActiveCfg = Debug|AnyCPU
		{0735779B-4AEB-451C-BAD3-8AA407C51A64}.Debug|AnyCPU.Build.0 = Debug|AnyCPU
		{0735779B-4AEB-451C-BAD3-8AA407C51A64}.Release|AnyCPU.ActiveCfg = Release|AnyCPU
		{0735779B-4AEB-451C-BAD3-8AA407C51A64}.Release|AnyCPU.Build.0 = Release|AnyCPU
		{FA0399FE-6DDA-4699-87FF-E65E72B0AD7F}.Debug|AnyCPU.ActiveCfg = Debug|AnyCPU
		{FA0399FE-6DDA-4699-87FF-E65E72B0AD7F}.Debug|AnyCPU.Build.0 = Debug|AnyCPU
		{FA0399FE-6DDA-4699-87FF-E65E72B0AD7F}.Release|AnyCPU.ActiveCfg = Release|AnyCPU
		{FA0399FE-6DDA-4699-87FF-E65E72B0AD7F}.Release|AnyCPU.Build.0 = Release|AnyCPU
		{5B13EB16-704A-4819-AB16-23425B78B7C4}.Debug|AnyCPU.ActiveCfg = Debug|AnyCPU
		{5B13EB16-704A-4819-AB16-23425B78B7C4}.Debug|AnyCPU.Build.0 = Debug|AnyCPU
		{5B13EB16-704A-4819-AB16-23425B78B7C4}.Release|AnyCPU.ActiveCfg = Release|AnyCPU
		{5B13EB16-704A-4819-AB16-23425B78B7C4}.Release|AnyCPU.Build.0 = Release|AnyCPU
		{77F08A5F-1E56-4B41-9099-3D2C17E5C518}.Debug|AnyCPU.ActiveCfg = Debug|AnyCPU
		{77F08A5F-1E56-4B41-9099-3D2C17E5C518}.Debug|AnyCPU.Build.0 = Debug|AnyCPU
		{77F08A5F-1E56-4B41-9099-3D2C17E5C518}.Release|AnyCPU.ActiveCfg = Release|AnyCPU
		{77F08A5F-1E56-4B41-9099-3D2C17E5C518}.Release|AnyCPU.Build.0 = Release|AnyCPU
		{7C6065F4-5DF8-45C7-AB0F-1423ACB71991}.Debug|AnyCPU.ActiveCfg = Debug|AnyCPU
		{7C6065F4-5DF8-45C7-AB0F-1423ACB71991}.Debug|AnyCPU.Build.0 = Debug|AnyCPU
		{7C6065F4-5DF8-45C7-AB0F-1423ACB71991}.Release|AnyCPU.ActiveCfg = Release|AnyCPU
		{7C6065F4-5DF8-45C7-AB0F-1423ACB71991}.Release|AnyCPU.Build.0 = Release|AnyCPU
		{21C43F0D-B392-479F-8F9A-1A6DA4DCA77A}.Debug|AnyCPU.ActiveCfg = Debug|AnyCPU
		{21C43F0D-B392-479F-8F9A-1A6DA4DCA77A}.Debug|AnyCPU.Build.0 = Debug|AnyCPU
		{21C43F0D-B392-479F-8F9A-1A6DA4DCA77A}.Release|AnyCPU.ActiveCfg = Release|AnyCPU
		{21C43F0D-B392-479F-8F9A-1A6DA4DCA77A}.Release|AnyCPU.Build.0 = Release|AnyCPU
		{611D5A9C-063C-4091-9B03-EC2632ED7830}.Debug|AnyCPU.ActiveCfg = Debug|AnyCPU
		{611D5A9C-063C-4091-9B03-EC2632ED7830}.Debug|AnyCPU.Build.0 = Debug|AnyCPU
		{611D5A9C-063C-4091-9B03-EC2632ED7830}.Release|AnyCPU.ActiveCfg = Release|AnyCPU
		{611D5A9C-063C-4091-9B03-EC2632ED7830}.Release|AnyCPU.Build.0 = Release|AnyCPU
		{57CFE567-459B-4ADA-B7B8-E00586D0D794}.Debug|AnyCPU.ActiveCfg = Debug|AnyCPU
		{57CFE567-459B-4ADA-B7B8-E00586D0D794}.Debug|AnyCPU.Build.0 = Debug|AnyCPU
		{57CFE567-459B-4ADA-B7B8-E00586D0D794}.Release|AnyCPU.ActiveCfg = Release|AnyCPU
		{57CFE567-459B-4ADA-B7B8-E00586D0D794}.Release|AnyCPU.Build.0 = Release|AnyCPU
		{DD54613E-F55F-456D-A43A-F730AB3D78EB}.Debug|AnyCPU.ActiveCfg = Debug|AnyCPU
		{DD54613E-F55F-456D-A43A-F730AB3D78EB}.Debug|AnyCPU.Build.0 = Debug|AnyCPU
		{DD54613E-F55F-456D-A43A-F730AB3D78EB}.Release|AnyCPU.ActiveCfg = Release|AnyCPU
		{DD54613E-F55F-456D-A43A-F730AB3D78EB}.Release|AnyCPU.Build.0 = Release|AnyCPU
		{5ED0F959-CF14-4A0E-B802-5E1064E2F9F3}.Debug|AnyCPU.ActiveCfg = Debug|AnyCPU
		{5ED0F959-CF14-4A0E-B802-5E1064E2F9F3}.Debug|AnyCPU.Build.0 = Debug|AnyCPU
		{5ED0F959-CF14-4A0E-B802-5E1064E2F9F3}.Release|AnyCPU.ActiveCfg = Release|AnyCPU
		{5ED0F959-CF14-4A0E-B802-5E1064E2F9F3}.Release|AnyCPU.Build.0 = Release|AnyCPU
		{8BC13D36-DEBA-4BC3-8123-EC7BF81F66F4}.Debug|AnyCPU.ActiveCfg = Debug|AnyCPU
		{8BC13D36-DEBA-4BC3-8123-EC7BF81F66F4}.Debug|AnyCPU.Build.0 = Debug|AnyCPU
		{8BC13D36-DEBA-4BC3-8123-EC7BF81F66F4}.Release|AnyCPU.ActiveCfg = Release|AnyCPU
		{8BC13D36-DEBA-4BC3-8123-EC7BF81F66F4}.Release|AnyCPU.Build.0 = Release|AnyCPU
		{294BBB4C-F22E-4D46-A1F3-B09710669B8B}.Debug|AnyCPU.ActiveCfg = Debug|AnyCPU
		{294BBB4C-F22E-4D46-A1F3-B09710669B8B}.Debug|AnyCPU.Build.0 = Debug|AnyCPU
		{294BBB4C-F22E-4D46-A1F3-B09710669B8B}.Release|AnyCPU.ActiveCfg = Release|AnyCPU
		{294BBB4C-F22E-4D46-A1F3-B09710669B8B}.Release|AnyCPU.Build.0 = Release|AnyCPU
		{B15C7E80-1667-49DE-B3E9-7F9F7D5A5329}.Debug|AnyCPU.ActiveCfg = Debug|AnyCPU
		{B15C7E80-1667-49DE-B3E9-7F9F7D5A5329}.Debug|AnyCPU.Build.0 = Debug|AnyCPU
		{B15C7E80-1667-49DE-B3E9-7F9F7D5A5329}.Release|AnyCPU.ActiveCfg = Release|AnyCPU
		{B15C7E80-1667-49DE-B3E9-7F9F7D5A5329}.Release|AnyCPU.Build.0 = Release|AnyCPU
		{A88B729D-233B-4499-9F00-B81B75DD6085}.Debug|AnyCPU.ActiveCfg = Debug|AnyCPU
		{A88B729D-233B-4499-9F00-B81B75DD6085}.Debug|AnyCPU.Build.0 = Debug|AnyCPU
		{A88B729D-233B-4499-9F00-B81B75DD6085}.Release|AnyCPU.ActiveCfg = Release|AnyCPU
		{A88B729D-233B-4499-9F00-B81B75DD6085}.Release|AnyCPU.Build.0 = Release|AnyCPU
		{2D80A7FD-5A00-4903-88EA-ED8CB121A294}.Debug|AnyCPU.ActiveCfg = Debug|AnyCPU
		{2D80A7FD-5A00-4903-88EA-ED8CB121A294}.Debug|AnyCPU.Build.0 = Debug|AnyCPU
		{2D80A7FD-5A00-4903-88EA-ED8CB121A294}.Release|AnyCPU.ActiveCfg = Release|AnyCPU
		{2D80A7FD-5A00-4903-88EA-ED8CB121A294}.Release|AnyCPU.Build.0 = Release|AnyCPU
		{F190B6FE-A670-46CB-B0EA-4E71CAFEB288}.Debug|AnyCPU.ActiveCfg = Debug|AnyCPU
		{F190B6FE-A670-46CB-B0EA-4E71CAFEB288}.Debug|AnyCPU.Build.0 = Debug|AnyCPU
		{F190B6FE-A670-46CB-B0EA-4E71CAFEB288}.Release|AnyCPU.ActiveCfg = Release|AnyCPU
		{F190B6FE-A670-46CB-B0EA-4E71CAFEB288}.Release|AnyCPU.Build.0 = Release|AnyCPU
		{774A187D-5063-475D-A1C9-9A6CB1B345AE}.Debug|AnyCPU.ActiveCfg = Debug|AnyCPU
		{774A187D-5063-475D-A1C9-9A6CB1B345AE}.Debug|AnyCPU.Build.0 = Debug|AnyCPU
		{774A187D-5063-475D-A1C9-9A6CB1B345AE}.Release|AnyCPU.ActiveCfg = Release|AnyCPU
		{774A187D-5063-475D-A1C9-9A6CB1B345AE}.Release|AnyCPU.Build.0 = Release|AnyCPU
		{DD5739AD-6F4B-42FA-9A85-7DAE28D7F20A}.Debug|AnyCPU.ActiveCfg = Debug|AnyCPU
		{DD5739AD-6F4B-42FA-9A85-7DAE28D7F20A}.Debug|AnyCPU.Build.0 = Debug|AnyCPU
		{DD5739AD-6F4B-42FA-9A85-7DAE28D7F20A}.Release|AnyCPU.ActiveCfg = Release|AnyCPU
		{DD5739AD-6F4B-42FA-9A85-7DAE28D7F20A}.Release|AnyCPU.Build.0 = Release|AnyCPU
		{2FB7A59E-7D4F-4C94-8D28-C5B5E9EF1558}.Debug|AnyCPU.ActiveCfg = Debug|AnyCPU
		{2FB7A59E-7D4F-4C94-8D28-C5B5E9EF1558}.Debug|AnyCPU.Build.0 = Debug|AnyCPU
		{2FB7A59E-7D4F-4C94-8D28-C5B5E9EF1558}.Release|AnyCPU.ActiveCfg = Release|AnyCPU
		{2FB7A59E-7D4F-4C94-8D28-C5B5E9EF1558}.Release|AnyCPU.Build.0 = Release|AnyCPU
		{3C2B1CF7-63A5-4F72-B964-38068DF4280B}.Debug|AnyCPU.ActiveCfg = Debug|AnyCPU
		{3C2B1CF7-63A5-4F72-B964-38068DF4280B}.Debug|AnyCPU.Build.0 = Debug|AnyCPU
		{3C2B1CF7-63A5-4F72-B964-38068DF4280B}.Release|AnyCPU.ActiveCfg = Release|AnyCPU
		{3C2B1CF7-63A5-4F72-B964-38068DF4280B}.Release|AnyCPU.Build.0 = Release|AnyCPU
		{EF5F7537-5C58-47DF-8E32-5240F375ADF4}.Debug|AnyCPU.ActiveCfg = Debug|AnyCPU
		{EF5F7537-5C58-47DF-8E32-5240F375ADF4}.Debug|AnyCPU.Build.0 = Debug|AnyCPU
		{EF5F7537-5C58-47DF-8E32-5240F375ADF4}.Release|AnyCPU.ActiveCfg = Release|AnyCPU
		{EF5F7537-5C58-47DF-8E32-5240F375ADF4}.Release|AnyCPU.Build.0 = Release|AnyCPU
		{32959D31-DF56-4499-8759-D8FBA69AAE6C}.Debug|AnyCPU.ActiveCfg = Debug|AnyCPU
		{32959D31-DF56-4499-8759-D8FBA69AAE6C}.Debug|AnyCPU.Build.0 = Debug|AnyCPU
		{32959D31-DF56-4499-8759-D8FBA69AAE6C}.Release|AnyCPU.ActiveCfg = Release|AnyCPU
		{32959D31-DF56-4499-8759-D8FBA69AAE6C}.Release|AnyCPU.Build.0 = Release|AnyCPU
		{BEA086A2-4E85-47B2-A34C-9328B54C0E72}.Debug|AnyCPU.ActiveCfg = Debug|AnyCPU
		{BEA086A2-4E85-47B2-A34C-9328B54C0E72}.Debug|AnyCPU.Build.0 = Debug|AnyCPU
		{BEA086A2-4E85-47B2-A34C-9328B54C0E72}.Release|AnyCPU.ActiveCfg = Release|AnyCPU
		{BEA086A2-4E85-47B2-A34C-9328B54C0E72}.Release|AnyCPU.Build.0 = Release|AnyCPU
		{BA500758-889A-4879-A203-2BB55E9D8682}.Debug|AnyCPU.ActiveCfg = Debug|AnyCPU
		{BA500758-889A-4879-A203-2BB55E9D8682}.Debug|AnyCPU.Build.0 = Debug|AnyCPU
		{BA500758-889A-4879-A203-2BB55E9D8682}.Release|AnyCPU.ActiveCfg = Release|AnyCPU
		{BA500758-889A-4879-A203-2BB55E9D8682}.Release|AnyCPU.Build.0 = Release|AnyCPU
		{E23D8D9A-6667-4573-9E33-6BA9FB753E7E}.Debug|AnyCPU.ActiveCfg = Debug|AnyCPU
		{E23D8D9A-6667-4573-9E33-6BA9FB753E7E}.Debug|AnyCPU.Build.0 = Debug|AnyCPU
		{E23D8D9A-6667-4573-9E33-6BA9FB753E7E}.Release|AnyCPU.ActiveCfg = Release|AnyCPU
		{E23D8D9A-6667-4573-9E33-6BA9FB753E7E}.Release|AnyCPU.Build.0 = Release|AnyCPU
		{2682AB8A-C06C-48FE-9580-4FDD8FA54021}.Debug|AnyCPU.ActiveCfg = Debug|AnyCPU
		{2682AB8A-C06C-48FE-9580-4FDD8FA54021}.Debug|AnyCPU.Build.0 = Debug|AnyCPU
		{2682AB8A-C06C-48FE-9580-4FDD8FA54021}.Release|AnyCPU.ActiveCfg = Release|AnyCPU
		{2682AB8A-C06C-48FE-9580-4FDD8FA54021}.Release|AnyCPU.Build.0 = Release|AnyCPU
		{9F1BCA62-F3FE-416A-8DF6-B508CBF5A1A3}.Debug|AnyCPU.ActiveCfg = Debug|AnyCPU
		{9F1BCA62-F3FE-416A-8DF6-B508CBF5A1A3}.Debug|AnyCPU.Build.0 = Debug|AnyCPU
		{9F1BCA62-F3FE-416A-8DF6-B508CBF5A1A3}.Release|AnyCPU.ActiveCfg = Release|AnyCPU
		{9F1BCA62-F3FE-416A-8DF6-B508CBF5A1A3}.Release|AnyCPU.Build.0 = Release|AnyCPU
		{E85708AB-841C-4CD5-8729-F6E7C9BEC98D}.Debug|AnyCPU.ActiveCfg = Debug|AnyCPU
		{E85708AB-841C-4CD5-8729-F6E7C9BEC98D}.Debug|AnyCPU.Build.0 = Debug|AnyCPU
		{E85708AB-841C-4CD5-8729-F6E7C9BEC98D}.Release|AnyCPU.ActiveCfg = Release|AnyCPU
		{E85708AB-841C-4CD5-8729-F6E7C9BEC98D}.Release|AnyCPU.Build.0 = Release|AnyCPU
		{883EA315-8388-434B-8546-8E8B5DC7B4CC}.Debug|AnyCPU.ActiveCfg = Debug|AnyCPU
		{883EA315-8388-434B-8546-8E8B5DC7B4CC}.Debug|AnyCPU.Build.0 = Debug|AnyCPU
		{883EA315-8388-434B-8546-8E8B5DC7B4CC}.Release|AnyCPU.ActiveCfg = Release|AnyCPU
		{883EA315-8388-434B-8546-8E8B5DC7B4CC}.Release|AnyCPU.Build.0 = Release|AnyCPU
		{E3D4B389-C19B-45C6-AEDD-E6273B85F0B1}.Debug|AnyCPU.ActiveCfg = Debug|AnyCPU
		{E3D4B389-C19B-45C6-AEDD-E6273B85F0B1}.Debug|AnyCPU.Build.0 = Debug|AnyCPU
		{E3D4B389-C19B-45C6-AEDD-E6273B85F0B1}.Release|AnyCPU.ActiveCfg = Release|AnyCPU
		{E3D4B389-C19B-45C6-AEDD-E6273B85F0B1}.Release|AnyCPU.Build.0 = Release|AnyCPU
		{835D6E9E-4318-474F-A345-9377A8845AC6}.Debug|AnyCPU.ActiveCfg = Debug|AnyCPU
		{835D6E9E-4318-474F-A345-9377A8845AC6}.Debug|AnyCPU.Build.0 = Debug|AnyCPU
		{835D6E9E-4318-474F-A345-9377A8845AC6}.Release|AnyCPU.ActiveCfg = Release|AnyCPU
		{835D6E9E-4318-474F-A345-9377A8845AC6}.Release|AnyCPU.Build.0 = Release|AnyCPU
		{66F53691-3CAB-4F96-A412-8EE761EB3D74}.Debug|AnyCPU.ActiveCfg = Debug|AnyCPU
		{66F53691-3CAB-4F96-A412-8EE761EB3D74}.Debug|AnyCPU.Build.0 = Debug|AnyCPU
		{66F53691-3CAB-4F96-A412-8EE761EB3D74}.Release|AnyCPU.ActiveCfg = Release|AnyCPU
		{66F53691-3CAB-4F96-A412-8EE761EB3D74}.Release|AnyCPU.Build.0 = Release|AnyCPU
		{9EAF2242-AB38-43DA-A124-C91E2D500E1D}.Debug|AnyCPU.ActiveCfg = Debug|AnyCPU
		{9EAF2242-AB38-43DA-A124-C91E2D500E1D}.Debug|AnyCPU.Build.0 = Debug|AnyCPU
		{9EAF2242-AB38-43DA-A124-C91E2D500E1D}.Release|AnyCPU.ActiveCfg = Release|AnyCPU
		{9EAF2242-AB38-43DA-A124-C91E2D500E1D}.Release|AnyCPU.Build.0 = Release|AnyCPU
		{5DBC1203-D9AD-4533-9EF8-81C1EA5B6010}.Debug|AnyCPU.ActiveCfg = Debug|AnyCPU
		{5DBC1203-D9AD-4533-9EF8-81C1EA5B6010}.Debug|AnyCPU.Build.0 = Debug|AnyCPU
		{5DBC1203-D9AD-4533-9EF8-81C1EA5B6010}.Release|AnyCPU.ActiveCfg = Release|AnyCPU
		{5DBC1203-D9AD-4533-9EF8-81C1EA5B6010}.Release|AnyCPU.Build.0 = Release|AnyCPU
		{50E47F08-8DF9-4295-A012-D51FE6626ADD}.Debug|AnyCPU.ActiveCfg = Debug|AnyCPU
		{50E47F08-8DF9-4295-A012-D51FE6626ADD}.Debug|AnyCPU.Build.0 = Debug|AnyCPU
		{50E47F08-8DF9-4295-A012-D51FE6626ADD}.Release|AnyCPU.ActiveCfg = Release|AnyCPU
		{50E47F08-8DF9-4295-A012-D51FE6626ADD}.Release|AnyCPU.Build.0 = Release|AnyCPU
		{8B6D0B08-3CF4-473F-9B06-61B41ACA8D81}.Debug|AnyCPU.ActiveCfg = Debug|AnyCPU
		{8B6D0B08-3CF4-473F-9B06-61B41ACA8D81}.Debug|AnyCPU.Build.0 = Debug|AnyCPU
		{8B6D0B08-3CF4-473F-9B06-61B41ACA8D81}.Release|AnyCPU.ActiveCfg = Release|AnyCPU
		{8B6D0B08-3CF4-473F-9B06-61B41ACA8D81}.Release|AnyCPU.Build.0 = Release|AnyCPU
		{22BA9FD9-671C-44DF-94AD-1245A9E3859B}.Debug|AnyCPU.ActiveCfg = Debug|AnyCPU
		{22BA9FD9-671C-44DF-94AD-1245A9E3859B}.Debug|AnyCPU.Build.0 = Debug|AnyCPU
		{22BA9FD9-671C-44DF-94AD-1245A9E3859B}.Release|AnyCPU.ActiveCfg = Release|AnyCPU
		{22BA9FD9-671C-44DF-94AD-1245A9E3859B}.Release|AnyCPU.Build.0 = Release|AnyCPU
		{CF1B933A-02B1-459E-8261-A832A6A76CAC}.Debug|AnyCPU.ActiveCfg = Debug|AnyCPU
		{CF1B933A-02B1-459E-8261-A832A6A76CAC}.Debug|AnyCPU.Build.0 = Debug|AnyCPU
		{CF1B933A-02B1-459E-8261-A832A6A76CAC}.Release|AnyCPU.ActiveCfg = Release|AnyCPU
		{CF1B933A-02B1-459E-8261-A832A6A76CAC}.Release|AnyCPU.Build.0 = Release|AnyCPU
		{5B54D86F-47C8-4909-9441-1C2E5E6B7D42}.Debug|AnyCPU.ActiveCfg = Debug|AnyCPU
		{5B54D86F-47C8-4909-9441-1C2E5E6B7D42}.Debug|AnyCPU.Build.0 = Debug|AnyCPU
		{5B54D86F-47C8-4909-9441-1C2E5E6B7D42}.Release|AnyCPU.ActiveCfg = Release|AnyCPU
		{5B54D86F-47C8-4909-9441-1C2E5E6B7D42}.Release|AnyCPU.Build.0 = Release|AnyCPU
		{530F3A78-98B1-40B2-92A2-1FB9CA962D34}.Debug|AnyCPU.ActiveCfg = Debug|AnyCPU
		{530F3A78-98B1-40B2-92A2-1FB9CA962D34}.Debug|AnyCPU.Build.0 = Debug|AnyCPU
		{530F3A78-98B1-40B2-92A2-1FB9CA962D34}.Release|AnyCPU.ActiveCfg = Release|AnyCPU
		{530F3A78-98B1-40B2-92A2-1FB9CA962D34}.Release|AnyCPU.Build.0 = Release|AnyCPU
		{837D2EFB-AE37-4DB3-ADA2-9C724D2659B5}.Debug|AnyCPU.ActiveCfg = Debug|AnyCPU
		{837D2EFB-AE37-4DB3-ADA2-9C724D2659B5}.Debug|AnyCPU.Build.0 = Debug|AnyCPU
		{837D2EFB-AE37-4DB3-ADA2-9C724D2659B5}.Release|AnyCPU.ActiveCfg = Release|AnyCPU
		{837D2EFB-AE37-4DB3-ADA2-9C724D2659B5}.Release|AnyCPU.Build.0 = Release|AnyCPU
		{FD5B1995-38AE-4173-B118-73117874C7B3}.Debug|AnyCPU.ActiveCfg = Debug|AnyCPU
		{FD5B1995-38AE-4173-B118-73117874C7B3}.Debug|AnyCPU.Build.0 = Debug|AnyCPU
		{FD5B1995-38AE-4173-B118-73117874C7B3}.Release|AnyCPU.ActiveCfg = Release|AnyCPU
		{FD5B1995-38AE-4173-B118-73117874C7B3}.Release|AnyCPU.Build.0 = Release|AnyCPU
		{74976546-772F-4F4F-9614-84AAAE09720B}.Debug|AnyCPU.ActiveCfg = Debug|AnyCPU
		{74976546-772F-4F4F-9614-84AAAE09720B}.Debug|AnyCPU.Build.0 = Debug|AnyCPU
		{74976546-772F-4F4F-9614-84AAAE09720B}.Release|AnyCPU.ActiveCfg = Release|AnyCPU
		{74976546-772F-4F4F-9614-84AAAE09720B}.Release|AnyCPU.Build.0 = Release|AnyCPU
		{6ECE7E4D-CB68-4821-81CD-B9052E095497}.Debug|AnyCPU.ActiveCfg = Debug|AnyCPU
		{6ECE7E4D-CB68-4821-81CD-B9052E095497}.Debug|AnyCPU.Build.0 = Debug|AnyCPU
		{6ECE7E4D-CB68-4821-81CD-B9052E095497}.Release|AnyCPU.ActiveCfg = Release|AnyCPU
		{6ECE7E4D-CB68-4821-81CD-B9052E095497}.Release|AnyCPU.Build.0 = Release|AnyCPU
		{42EEE0FE-23ED-4517-9D3D-0BC96D96D715}.Debug|AnyCPU.ActiveCfg = Debug|AnyCPU
		{42EEE0FE-23ED-4517-9D3D-0BC96D96D715}.Debug|AnyCPU.Build.0 = Debug|AnyCPU
		{42EEE0FE-23ED-4517-9D3D-0BC96D96D715}.Release|AnyCPU.ActiveCfg = Release|AnyCPU
		{42EEE0FE-23ED-4517-9D3D-0BC96D96D715}.Release|AnyCPU.Build.0 = Release|AnyCPU
		{B19A90BF-EABE-4158-889B-8CBC45748D7D}.Debug|AnyCPU.ActiveCfg = Debug|AnyCPU
		{B19A90BF-EABE-4158-889B-8CBC45748D7D}.Debug|AnyCPU.Build.0 = Debug|AnyCPU
		{B19A90BF-EABE-4158-889B-8CBC45748D7D}.Release|AnyCPU.ActiveCfg = Release|AnyCPU
		{B19A90BF-EABE-4158-889B-8CBC45748D7D}.Release|AnyCPU.Build.0 = Release|AnyCPU
		{0CFC9A78-6B25-4360-8EEA-C7DDA87D3904}.Debug|AnyCPU.ActiveCfg = Debug|AnyCPU
		{0CFC9A78-6B25-4360-8EEA-C7DDA87D3904}.Debug|AnyCPU.Build.0 = Debug|AnyCPU
		{0CFC9A78-6B25-4360-8EEA-C7DDA87D3904}.Release|AnyCPU.ActiveCfg = Release|AnyCPU
		{0CFC9A78-6B25-4360-8EEA-C7DDA87D3904}.Release|AnyCPU.Build.0 = Release|AnyCPU
		{FF13974B-AA6E-4B0A-B0D6-302750C16B75}.Debug|AnyCPU.ActiveCfg = Debug|AnyCPU
		{FF13974B-AA6E-4B0A-B0D6-302750C16B75}.Debug|AnyCPU.Build.0 = Debug|AnyCPU
		{FF13974B-AA6E-4B0A-B0D6-302750C16B75}.Release|AnyCPU.ActiveCfg = Release|AnyCPU
		{FF13974B-AA6E-4B0A-B0D6-302750C16B75}.Release|AnyCPU.Build.0 = Release|AnyCPU
		{ED0BE932-9E1F-4124-B5C4-5F9145A8964B}.Debug|AnyCPU.ActiveCfg = Debug|AnyCPU
		{ED0BE932-9E1F-4124-B5C4-5F9145A8964B}.Debug|AnyCPU.Build.0 = Debug|AnyCPU
		{ED0BE932-9E1F-4124-B5C4-5F9145A8964B}.Release|AnyCPU.ActiveCfg = Release|AnyCPU
		{ED0BE932-9E1F-4124-B5C4-5F9145A8964B}.Release|AnyCPU.Build.0 = Release|AnyCPU
		{0359F6C6-C3C3-4C2D-948A-42DB852CF7A1}.Debug|AnyCPU.ActiveCfg = Debug|AnyCPU
		{0359F6C6-C3C3-4C2D-948A-42DB852CF7A1}.Debug|AnyCPU.Build.0 = Debug|AnyCPU
		{0359F6C6-C3C3-4C2D-948A-42DB852CF7A1}.Release|AnyCPU.ActiveCfg = Release|AnyCPU
		{0359F6C6-C3C3-4C2D-948A-42DB852CF7A1}.Release|AnyCPU.Build.0 = Release|AnyCPU
		{61474BF7-0DB0-48D5-96A2-32B9D49BA56A}.Debug|AnyCPU.ActiveCfg = Debug|AnyCPU
		{61474BF7-0DB0-48D5-96A2-32B9D49BA56A}.Debug|AnyCPU.Build.0 = Debug|AnyCPU
		{61474BF7-0DB0-48D5-96A2-32B9D49BA56A}.Release|AnyCPU.ActiveCfg = Release|AnyCPU
		{61474BF7-0DB0-48D5-96A2-32B9D49BA56A}.Release|AnyCPU.Build.0 = Release|AnyCPU
		{66A1BC8C-15CB-45CC-BB5C-149D883D0926}.Debug|AnyCPU.ActiveCfg = Debug|AnyCPU
		{66A1BC8C-15CB-45CC-BB5C-149D883D0926}.Debug|AnyCPU.Build.0 = Debug|AnyCPU
		{66A1BC8C-15CB-45CC-BB5C-149D883D0926}.Release|AnyCPU.ActiveCfg = Release|AnyCPU
		{66A1BC8C-15CB-45CC-BB5C-149D883D0926}.Release|AnyCPU.Build.0 = Release|AnyCPU
		{D7D74084-A493-40CD-BA68-A0C2AC1F94BA}.Debug|AnyCPU.ActiveCfg = Debug|AnyCPU
		{D7D74084-A493-40CD-BA68-A0C2AC1F94BA}.Debug|AnyCPU.Build.0 = Debug|AnyCPU
		{D7D74084-A493-40CD-BA68-A0C2AC1F94BA}.Release|AnyCPU.ActiveCfg = Release|AnyCPU
		{D7D74084-A493-40CD-BA68-A0C2AC1F94BA}.Release|AnyCPU.Build.0 = Release|AnyCPU
		{2E74A422-7622-4E4A-B1DB-7A84401C3CA5}.Debug|AnyCPU.ActiveCfg = Debug|AnyCPU
		{2E74A422-7622-4E4A-B1DB-7A84401C3CA5}.Debug|AnyCPU.Build.0 = Debug|AnyCPU
		{2E74A422-7622-4E4A-B1DB-7A84401C3CA5}.Release|AnyCPU.ActiveCfg = Release|AnyCPU
		{2E74A422-7622-4E4A-B1DB-7A84401C3CA5}.Release|AnyCPU.Build.0 = Release|AnyCPU
		{DC6D29C8-D4B6-4C29-AB4B-16F27683D4A7}.Debug|AnyCPU.ActiveCfg = Debug|AnyCPU
		{DC6D29C8-D4B6-4C29-AB4B-16F27683D4A7}.Debug|AnyCPU.Build.0 = Debug|AnyCPU
		{DC6D29C8-D4B6-4C29-AB4B-16F27683D4A7}.Release|AnyCPU.ActiveCfg = Release|AnyCPU
		{DC6D29C8-D4B6-4C29-AB4B-16F27683D4A7}.Release|AnyCPU.Build.0 = Release|AnyCPU
		{73160BF0-30F2-4913-977B-06ECA5CBAC06}.Debug|AnyCPU.ActiveCfg = Debug|AnyCPU
		{73160BF0-30F2-4913-977B-06ECA5CBAC06}.Debug|AnyCPU.Build.0 = Debug|AnyCPU
		{73160BF0-30F2-4913-977B-06ECA5CBAC06}.Release|AnyCPU.ActiveCfg = Release|AnyCPU
		{73160BF0-30F2-4913-977B-06ECA5CBAC06}.Release|AnyCPU.Build.0 = Release|AnyCPU
		{C8155EE4-1E37-470E-ACC1-320671CD234B}.Debug|AnyCPU.ActiveCfg = Debug|AnyCPU
		{C8155EE4-1E37-470E-ACC1-320671CD234B}.Debug|AnyCPU.Build.0 = Debug|AnyCPU
		{C8155EE4-1E37-470E-ACC1-320671CD234B}.Release|AnyCPU.ActiveCfg = Release|AnyCPU
		{C8155EE4-1E37-470E-ACC1-320671CD234B}.Release|AnyCPU.Build.0 = Release|AnyCPU
		{ADA201E7-8A3B-4C48-B0D6-87BB59A6447F}.Debug|AnyCPU.ActiveCfg = Debug|AnyCPU
		{ADA201E7-8A3B-4C48-B0D6-87BB59A6447F}.Debug|AnyCPU.Build.0 = Debug|AnyCPU
		{ADA201E7-8A3B-4C48-B0D6-87BB59A6447F}.Release|AnyCPU.ActiveCfg = Release|AnyCPU
		{ADA201E7-8A3B-4C48-B0D6-87BB59A6447F}.Release|AnyCPU.Build.0 = Release|AnyCPU
		{C72E1951-3769-4192-A7DA-AA4DCC9849C0}.Debug|AnyCPU.ActiveCfg = Debug|AnyCPU
		{C72E1951-3769-4192-A7DA-AA4DCC9849C0}.Debug|AnyCPU.Build.0 = Debug|AnyCPU
		{C72E1951-3769-4192-A7DA-AA4DCC9849C0}.Release|AnyCPU.ActiveCfg = Release|AnyCPU
		{C72E1951-3769-4192-A7DA-AA4DCC9849C0}.Release|AnyCPU.Build.0 = Release|AnyCPU
		{1CF1E5CD-2284-43A0-A258-08364A046E82}.Debug|AnyCPU.ActiveCfg = Debug|AnyCPU
		{1CF1E5CD-2284-43A0-A258-08364A046E82}.Debug|AnyCPU.Build.0 = Debug|AnyCPU
		{1CF1E5CD-2284-43A0-A258-08364A046E82}.Release|AnyCPU.ActiveCfg = Release|AnyCPU
		{1CF1E5CD-2284-43A0-A258-08364A046E82}.Release|AnyCPU.Build.0 = Release|AnyCPU
		{9DCA87A8-339A-499E-87EE-D11E89DF86D4}.Debug|AnyCPU.ActiveCfg = Debug|AnyCPU
		{9DCA87A8-339A-499E-87EE-D11E89DF86D4}.Debug|AnyCPU.Build.0 = Debug|AnyCPU
		{9DCA87A8-339A-499E-87EE-D11E89DF86D4}.Release|AnyCPU.ActiveCfg = Release|AnyCPU
		{9DCA87A8-339A-499E-87EE-D11E89DF86D4}.Release|AnyCPU.Build.0 = Release|AnyCPU
		{73B2A483-06C0-4989-B0CE-8514FD543A76}.Debug|AnyCPU.ActiveCfg = Debug|AnyCPU
		{73B2A483-06C0-4989-B0CE-8514FD543A76}.Debug|AnyCPU.Build.0 = Debug|AnyCPU
		{73B2A483-06C0-4989-B0CE-8514FD543A76}.Release|AnyCPU.ActiveCfg = Release|AnyCPU
		{73B2A483-06C0-4989-B0CE-8514FD543A76}.Release|AnyCPU.Build.0 = Release|AnyCPU
		{3C4E8EE6-F3CD-4476-8A6F-ECB291D40971}.Debug|AnyCPU.ActiveCfg = Debug|AnyCPU
		{3C4E8EE6-F3CD-4476-8A6F-ECB291D40971}.Debug|AnyCPU.Build.0 = Debug|AnyCPU
		{3C4E8EE6-F3CD-4476-8A6F-ECB291D40971}.Release|AnyCPU.ActiveCfg = Release|AnyCPU
		{3C4E8EE6-F3CD-4476-8A6F-ECB291D40971}.Release|AnyCPU.Build.0 = Release|AnyCPU
		{6FBD5CA4-CDEF-4EFD-983F-3CAE52DA77DB}.Debug|AnyCPU.ActiveCfg = Debug|AnyCPU
		{6FBD5CA4-CDEF-4EFD-983F-3CAE52DA77DB}.Debug|AnyCPU.Build.0 = Debug|AnyCPU
		{6FBD5CA4-CDEF-4EFD-983F-3CAE52DA77DB}.Release|AnyCPU.ActiveCfg = Release|AnyCPU
		{6FBD5CA4-CDEF-4EFD-983F-3CAE52DA77DB}.Release|AnyCPU.Build.0 = Release|AnyCPU
	EndGlobalSection
	GlobalSection(SolutionProperties) = preSolution
		HideSolutionNode = FALSE
	EndGlobalSection
EndGlobal
